
Microsoft Visual Studio Solution File, Format Version 12.00
# Visual Studio 14
VisualStudioVersion = 14.0.25123.0
MinimumVisualStudioVersion = 10.0.40219.1
Project("{2150E333-8FDC-42A3-9474-1A3956D46DE8}") = "Solution Items", "Solution Items", "{7E293999-C6BE-43D4-9FFB-29647B2315FA}"
	ProjectSection(SolutionItems) = preProject
		README.md = README.md
	EndProjectSection
EndProject
Project("{FAE04EC0-301F-11D3-BF4B-00C04F79EFBC}") = "Worksheet1", "Worksheet1.1\Worksheet1.csproj", "{717EAA1A-60A7-49B0-8E9B-7B7A3B5C8F3C}"
EndProject
Project("{FAE04EC0-301F-11D3-BF4B-00C04F79EFBC}") = "Worksheet1-Extra1", "Worksheet1-Extra1\Worksheet1-Extra1.csproj", "{EC449DF6-26FE-4073-BF59-1B68E002B497}"
EndProject
Project("{FAE04EC0-301F-11D3-BF4B-00C04F79EFBC}") = "Worksheet1-Extra2", "Worksheet1-Extra2\Worksheet1-Extra2.csproj", "{1FF35CA6-D576-47A0-A22D-90E1662D527A}"
EndProject
Project("{FAE04EC0-301F-11D3-BF4B-00C04F79EFBC}") = "Worksheet1-2-Client", "Worksheet1-2-Client\Worksheet1-2-Client.csproj", "{04F4B81E-70C4-43DD-82D8-185A885CE625}"
EndProject
Project("{FAE04EC0-301F-11D3-BF4B-00C04F79EFBC}") = "Worksheet1-2-Server", "Worksheet1-2-Server\Worksheet1-2-Server.csproj", "{7B914FD1-BBE0-4824-9517-FC64E24E7CED}"
EndProject
Project("{FAE04EC0-301F-11D3-BF4B-00C04F79EFBC}") = "Worksheet1-3-Client", "Worksheet1-3-Client\Worksheet1-3-Client.csproj", "{7C62BC2B-CFF9-4869-AE95-6395C138C2D1}"
EndProject
Project("{FAE04EC0-301F-11D3-BF4B-00C04F79EFBC}") = "Worksheet1-3-Server", "Worksheet1-3-Server\Worksheet1-3-Server.csproj", "{E581C239-CC2D-40D2-BC4E-AE7E8C96B447}"
EndProject
Project("{2150E333-8FDC-42A3-9474-1A3956D46DE8}") = "EI SI Libs", "EI SI Libs", "{85B178AD-5983-4F7F-B5C0-BA5C0B748F3E}"
	ProjectSection(SolutionItems) = preProject
		EI.SI.libs\Help-ProtocolSI.chm = EI.SI.libs\Help-ProtocolSI.chm
		EI.SI.libs\ProtocolSI.dll = EI.SI.libs\ProtocolSI.dll
		EI.SI.libs\SymmetricsSI.dll = EI.SI.libs\SymmetricsSI.dll
	EndProjectSection
EndProject
Project("{2150E333-8FDC-42A3-9474-1A3956D46DE8}") = "Worksheet 1", "Worksheet 1", "{E5B460BD-9B22-430F-B64D-1E89F1FD8CBC}"
EndProject
Project("{2150E333-8FDC-42A3-9474-1A3956D46DE8}") = "Worksheet 1 Extras", "Worksheet 1 Extras", "{32F5E4C7-3E0B-407D-A954-C3684F59B792}"
EndProject
Project("{FAE04EC0-301F-11D3-BF4B-00C04F79EFBC}") = "Worksheet1-3-Extra-Client", "Worksheet1-3-Extra-Client\Worksheet1-3-Extra-Client.csproj", "{DF37A34A-FBE7-48C1-A64C-71444E2F8A2F}"
EndProject
Project("{FAE04EC0-301F-11D3-BF4B-00C04F79EFBC}") = "Worksheet1-3-Extra-Server", "Worksheet1-3-Extra-Server\Worksheet1-3-Extra-Server.csproj", "{6A88F3CC-8EC7-4ED7-A52C-22D17E5884C0}"
EndProject
Project("{FAE04EC0-301F-11D3-BF4B-00C04F79EFBC}") = "Worksheet1-3-Extra-MITM", "Worksheet1-3-Extra-MITM\Worksheet1-3-Extra-MITM.csproj", "{9810855F-F0C6-4ADE-A22B-A89C73E21CF5}"
EndProject
Project("{FAE04EC0-301F-11D3-BF4B-00C04F79EFBC}") = "Worksheet1-2-Extra-Client", "Worksheet1-2-Extra-Client\Worksheet1-2-Extra-Client.csproj", "{1F103F14-9F18-459E-93D8-56D04B57873C}"
EndProject
Project("{FAE04EC0-301F-11D3-BF4B-00C04F79EFBC}") = "Worksheet1-2-Extra-Server", "Worksheet1-2-Extra-Server\Worksheet1-2-Extra-Server.csproj", "{BAF0DC7C-3A9F-4874-8343-848E1549B1B9}"
EndProject
Project("{2150E333-8FDC-42A3-9474-1A3956D46DE8}") = "Worksheet 2", "Worksheet 2", "{CD4689BE-258F-45C0-8B69-46A1B71E894A}"
EndProject
Project("{2150E333-8FDC-42A3-9474-1A3956D46DE8}") = "Worksheet 2 Extras", "Worksheet 2 Extras", "{69187C1C-444C-4D2B-8D55-5973526542A7}"
EndProject
Project("{FAE04EC0-301F-11D3-BF4B-00C04F79EFBC}") = "Exercise1.1", "Worksheet2-Exercise1\Exercise1.1.csproj", "{47EBAE62-6724-4A96-9B5C-5C85A849B14F}"
EndProject
Project("{FAE04EC0-301F-11D3-BF4B-00C04F79EFBC}") = "Exercise1.2", "Worksheet2-Exercise1.2\Exercise1.2.csproj", "{9E57F855-6B32-4C4A-89F4-656E8AFDBF47}"
EndProject
Project("{FAE04EC0-301F-11D3-BF4B-00C04F79EFBC}") = "Exercise2.1.Client", "Worksheet2-Exercise2.1.Client\Exercise2.1.Client.csproj", "{B8EE3D3D-B60E-4DFC-80E0-14CFD503A81E}"
EndProject
Project("{FAE04EC0-301F-11D3-BF4B-00C04F79EFBC}") = "Exercise2.1.Server", "Worksheet2-Exercise2.1.Server\Exercise2.1.Server.csproj", "{833F017E-E0B9-4B34-BFDF-3F29D54D54D4}"
EndProject
Project("{FAE04EC0-301F-11D3-BF4B-00C04F79EFBC}") = "Exercise2.2.Client", "Worksheet2-Exercise2.2.Client\Exercise2.2.Client.csproj", "{F68DB224-7A19-4272-B6C1-144653782DD4}"
EndProject
Project("{FAE04EC0-301F-11D3-BF4B-00C04F79EFBC}") = "Exercise2.2.Server", "Worksheet2-Exercise2.2.Server\Exercise2.2.Server.csproj", "{A3056717-5D16-4954-80D6-2C1B07AFD2D1}"
EndProject
Project("{FAE04EC0-301F-11D3-BF4B-00C04F79EFBC}") = "Exercise1.2.EXTRA.1", "Worksheet2-Exercise1.2.EXTRA.1\Exercise1.2.EXTRA.1.csproj", "{BC384A81-6EC7-4EDB-8C3D-D4E0616C351E}"
EndProject
Project("{FAE04EC0-301F-11D3-BF4B-00C04F79EFBC}") = "Exercise1.2.EXTRA.2", "Worksheet2-Exercise1.2.EXTRA.2\Worksheet2-1-ExtraUA\Exercise1.2.EXTRA.2.csproj", "{C4EF060A-4CF2-42C4-A881-6565670D0ADF}"
EndProject
Project("{2150E333-8FDC-42A3-9474-1A3956D46DE8}") = "Worksheet 3", "Worksheet 3", "{2E248E32-42EC-41FA-BCB5-57FEAFC832E8}"
EndProject
Project("{FAE04EC0-301F-11D3-BF4B-00C04F79EFBC}") = "Worksheet3-Exercise1", "Worksheet3-Exercise1\Worksheet3-Exercise1.csproj", "{17EFEB46-15B9-4829-972D-99543AE82B7D}"
EndProject
Project("{FAE04EC0-301F-11D3-BF4B-00C04F79EFBC}") = "Worksheet3-Exercise2.1.Client", "Worksheet3-Exercise2.1.Client\Worksheet3-Exercise2.1.Client.csproj", "{4C4B74B2-90BD-43BC-98E2-BE4B4CD0F821}"
EndProject
Project("{FAE04EC0-301F-11D3-BF4B-00C04F79EFBC}") = "Worksheet3-Exercise2.1.Server", "Worksheet3-Exercise2.1.Server\Worksheet3-Exercise2.1.Server.csproj", "{EB1FCFA5-D4E0-4CCB-9E4F-A89B98275CF4}"
EndProject
Project("{FAE04EC0-301F-11D3-BF4B-00C04F79EFBC}") = "Worksheet3-Exercise2.2.Client", "Worksheet3-Exercise2.2.Client\Worksheet3-Exercise2.2.Client.csproj", "{1DFFBCE1-55E5-4261-80A3-DD6B34ECBF90}"
EndProject
Project("{FAE04EC0-301F-11D3-BF4B-00C04F79EFBC}") = "Worksheet3-Exercise2.2.Server", "Worksheet3-Exercise2.2.Server\Worksheet3-Exercise2.2.Server.csproj", "{BD2979B1-D323-4F77-B81E-6C591FDD6C08}"
EndProject
Project("{2150E333-8FDC-42A3-9474-1A3956D46DE8}") = "Worksheet 4", "Worksheet 4", "{5BBEB3D1-1531-49D7-B043-295B1B8CC55D}"
EndProject
Project("{FAE04EC0-301F-11D3-BF4B-00C04F79EFBC}") = "Worksheet4-Exercise1.1", "Worksheet4-Exercise1.1\Worksheet4-Exercise1.1.csproj", "{71FABA78-C30E-426E-BA03-03CDFB7237FD}"
EndProject
Project("{FAE04EC0-301F-11D3-BF4B-00C04F79EFBC}") = "Worksheet4-Exercise1.2", "Worksheet4-Exercise1.2\Worksheet4-Exercise1.2.csproj", "{BE8D0985-8B1D-4008-B51E-127C4082B527}"
EndProject
Project("{FAE04EC0-301F-11D3-BF4B-00C04F79EFBC}") = "Worksheet4-Exercise2.1", "Worksheet4-Exercise2.1\Worksheet4-Exercise2.1.csproj", "{126493AE-D9D9-46D6-80AA-EB2515AF1B73}"
EndProject
Project("{FAE04EC0-301F-11D3-BF4B-00C04F79EFBC}") = "Worksheet4-Exercise2.2.Server", "Worksheet4-Exercise2.2.Server\Worksheet4-Exercise2.2.Server.csproj", "{859710CF-6471-4CFA-B563-30C2ECC42C17}"
EndProject
Project("{FAE04EC0-301F-11D3-BF4B-00C04F79EFBC}") = "Worksheet4-Exercise2.2.Client", "Worksheet4-Exercise2.2.Client\Worksheet4-Exercise2.2.Client.csproj", "{7B56B43B-C729-48CF-A3CF-36D3B752154C}"
EndProject
Project("{2150E333-8FDC-42A3-9474-1A3956D46DE8}") = "Worksheet6", "Worksheet6", "{B1D5EB98-83AB-4EE8-89EF-F725B56FDCA2}"
EndProject
Project("{FAE04EC0-301F-11D3-BF4B-00C04F79EFBC}") = "Worksheet6", "Worksheet6\Worksheet6.csproj", "{4063118A-22E2-4A16-B65C-24FFA64112FB}"
EndProject
Project("{2150E333-8FDC-42A3-9474-1A3956D46DE8}") = "Worksheet7-9", "Worksheet7-9", "{783472FD-0191-4E6F-8471-E0812C02BD9B}"
EndProject
Project("{2150E333-8FDC-42A3-9474-1A3956D46DE8}") = "Vunerable", "Vunerable", "{8A536B3F-4762-425D-8232-F8ECC24367C7}"
EndProject
Project("{2150E333-8FDC-42A3-9474-1A3956D46DE8}") = "Protected", "Protected", "{63203C23-94E4-42BD-BD8D-4313161AAC28}"
EndProject
Project("{FAE04EC0-301F-11D3-BF4B-00C04F79EFBC}") = "Worksheet7-Vuln-AuthService", "Worksheet7-Vuln-AuthService\Worksheet7-Vuln-AuthService.csproj", "{78212751-E4EA-4AE7-99B2-449D5048A186}"
EndProject
Project("{FAE04EC0-301F-11D3-BF4B-00C04F79EFBC}") = "Worksheet7-Vuln-TSA", "Worksheet7-Vuln-TSA\Worksheet7-Vuln-TSA.csproj", "{E5A73F52-AF9E-445A-8125-E63E4108BBF6}"
EndProject
Project("{FAE04EC0-301F-11D3-BF4B-00C04F79EFBC}") = "Worksheet7-Vuln-Website", "Worksheet7-Vuln-Website\Worksheet7-Vuln-Website.csproj", "{380ED3B9-328F-42DF-8FB0-EB38BAD0D928}"
	ProjectSection(ProjectDependencies) = postProject
		{78212751-E4EA-4AE7-99B2-449D5048A186} = {78212751-E4EA-4AE7-99B2-449D5048A186}
	EndProjectSection
EndProject
Project("{FAE04EC0-301F-11D3-BF4B-00C04F79EFBC}") = "Worksheet7-Vuln-WindowsClient", "Worksheet7-Vuln-WindowsClient\Worksheet7-Vuln-WindowsClient.csproj", "{6DD71C52-4260-49BE-BB91-F65113512E0F}"
	ProjectSection(ProjectDependencies) = postProject
		{78212751-E4EA-4AE7-99B2-449D5048A186} = {78212751-E4EA-4AE7-99B2-449D5048A186}
		{E5A73F52-AF9E-445A-8125-E63E4108BBF6} = {E5A73F52-AF9E-445A-8125-E63E4108BBF6}
	EndProjectSection
EndProject
Project("{FAE04EC0-301F-11D3-BF4B-00C04F79EFBC}") = "Worksheet7-Prot-AuthService", "Worksheet7-Prot-AuthService\Worksheet7-Prot-AuthService.csproj", "{EED901BF-0590-4CAC-A389-C9724F125A2A}"
EndProject
Project("{FAE04EC0-301F-11D3-BF4B-00C04F79EFBC}") = "Worksheet7-Prot-TSA", "Worksheet7-Prot-TSA\Worksheet7-Prot-TSA.csproj", "{058B1A75-C726-489B-8914-C1DD6C10EBB9}"
EndProject
Project("{FAE04EC0-301F-11D3-BF4B-00C04F79EFBC}") = "Worksheet7-Prot-WindowsClient", "Worksheet7-Prot-WindowsClient\Worksheet7-Prot-WindowsClient.csproj", "{F9FEAA7E-597C-4088-9406-7FDB3F838BC3}"
EndProject
Project("{FAE04EC0-301F-11D3-BF4B-00C04F79EFBC}") = "Worksheet7-Prot-Website", "Worksheet7-Prot-Website\Worksheet7-Prot-Website.csproj", "{06C6190C-8772-4AA8-9761-9B33790B067C}"
EndProject
Global
	GlobalSection(SolutionConfigurationPlatforms) = preSolution
		Debug|Any CPU = Debug|Any CPU
		Debug|ARM = Debug|ARM
		Debug|x64 = Debug|x64
		Debug|x86 = Debug|x86
		Release|Any CPU = Release|Any CPU
		Release|ARM = Release|ARM
		Release|x64 = Release|x64
		Release|x86 = Release|x86
	EndGlobalSection
	GlobalSection(ProjectConfigurationPlatforms) = postSolution
		{717EAA1A-60A7-49B0-8E9B-7B7A3B5C8F3C}.Debug|Any CPU.ActiveCfg = Debug|Any CPU
		{717EAA1A-60A7-49B0-8E9B-7B7A3B5C8F3C}.Debug|Any CPU.Build.0 = Debug|Any CPU
		{717EAA1A-60A7-49B0-8E9B-7B7A3B5C8F3C}.Debug|ARM.ActiveCfg = Debug|Any CPU
		{717EAA1A-60A7-49B0-8E9B-7B7A3B5C8F3C}.Debug|ARM.Build.0 = Debug|Any CPU
		{717EAA1A-60A7-49B0-8E9B-7B7A3B5C8F3C}.Debug|x64.ActiveCfg = Debug|Any CPU
		{717EAA1A-60A7-49B0-8E9B-7B7A3B5C8F3C}.Debug|x64.Build.0 = Debug|Any CPU
		{717EAA1A-60A7-49B0-8E9B-7B7A3B5C8F3C}.Debug|x86.ActiveCfg = Debug|Any CPU
		{717EAA1A-60A7-49B0-8E9B-7B7A3B5C8F3C}.Debug|x86.Build.0 = Debug|Any CPU
		{717EAA1A-60A7-49B0-8E9B-7B7A3B5C8F3C}.Release|Any CPU.ActiveCfg = Release|Any CPU
		{717EAA1A-60A7-49B0-8E9B-7B7A3B5C8F3C}.Release|Any CPU.Build.0 = Release|Any CPU
		{717EAA1A-60A7-49B0-8E9B-7B7A3B5C8F3C}.Release|ARM.ActiveCfg = Release|Any CPU
		{717EAA1A-60A7-49B0-8E9B-7B7A3B5C8F3C}.Release|ARM.Build.0 = Release|Any CPU
		{717EAA1A-60A7-49B0-8E9B-7B7A3B5C8F3C}.Release|x64.ActiveCfg = Release|Any CPU
		{717EAA1A-60A7-49B0-8E9B-7B7A3B5C8F3C}.Release|x64.Build.0 = Release|Any CPU
		{717EAA1A-60A7-49B0-8E9B-7B7A3B5C8F3C}.Release|x86.ActiveCfg = Release|Any CPU
		{717EAA1A-60A7-49B0-8E9B-7B7A3B5C8F3C}.Release|x86.Build.0 = Release|Any CPU
		{EC449DF6-26FE-4073-BF59-1B68E002B497}.Debug|Any CPU.ActiveCfg = Debug|Any CPU
		{EC449DF6-26FE-4073-BF59-1B68E002B497}.Debug|Any CPU.Build.0 = Debug|Any CPU
		{EC449DF6-26FE-4073-BF59-1B68E002B497}.Debug|ARM.ActiveCfg = Debug|Any CPU
		{EC449DF6-26FE-4073-BF59-1B68E002B497}.Debug|ARM.Build.0 = Debug|Any CPU
		{EC449DF6-26FE-4073-BF59-1B68E002B497}.Debug|x64.ActiveCfg = Debug|Any CPU
		{EC449DF6-26FE-4073-BF59-1B68E002B497}.Debug|x64.Build.0 = Debug|Any CPU
		{EC449DF6-26FE-4073-BF59-1B68E002B497}.Debug|x86.ActiveCfg = Debug|Any CPU
		{EC449DF6-26FE-4073-BF59-1B68E002B497}.Debug|x86.Build.0 = Debug|Any CPU
		{EC449DF6-26FE-4073-BF59-1B68E002B497}.Release|Any CPU.ActiveCfg = Release|Any CPU
		{EC449DF6-26FE-4073-BF59-1B68E002B497}.Release|Any CPU.Build.0 = Release|Any CPU
		{EC449DF6-26FE-4073-BF59-1B68E002B497}.Release|ARM.ActiveCfg = Release|Any CPU
		{EC449DF6-26FE-4073-BF59-1B68E002B497}.Release|ARM.Build.0 = Release|Any CPU
		{EC449DF6-26FE-4073-BF59-1B68E002B497}.Release|x64.ActiveCfg = Release|Any CPU
		{EC449DF6-26FE-4073-BF59-1B68E002B497}.Release|x64.Build.0 = Release|Any CPU
		{EC449DF6-26FE-4073-BF59-1B68E002B497}.Release|x86.ActiveCfg = Release|Any CPU
		{EC449DF6-26FE-4073-BF59-1B68E002B497}.Release|x86.Build.0 = Release|Any CPU
		{1FF35CA6-D576-47A0-A22D-90E1662D527A}.Debug|Any CPU.ActiveCfg = Debug|Any CPU
		{1FF35CA6-D576-47A0-A22D-90E1662D527A}.Debug|Any CPU.Build.0 = Debug|Any CPU
		{1FF35CA6-D576-47A0-A22D-90E1662D527A}.Debug|ARM.ActiveCfg = Debug|Any CPU
		{1FF35CA6-D576-47A0-A22D-90E1662D527A}.Debug|ARM.Build.0 = Debug|Any CPU
		{1FF35CA6-D576-47A0-A22D-90E1662D527A}.Debug|x64.ActiveCfg = Debug|Any CPU
		{1FF35CA6-D576-47A0-A22D-90E1662D527A}.Debug|x64.Build.0 = Debug|Any CPU
		{1FF35CA6-D576-47A0-A22D-90E1662D527A}.Debug|x86.ActiveCfg = Debug|Any CPU
		{1FF35CA6-D576-47A0-A22D-90E1662D527A}.Debug|x86.Build.0 = Debug|Any CPU
		{1FF35CA6-D576-47A0-A22D-90E1662D527A}.Release|Any CPU.ActiveCfg = Release|Any CPU
		{1FF35CA6-D576-47A0-A22D-90E1662D527A}.Release|Any CPU.Build.0 = Release|Any CPU
		{1FF35CA6-D576-47A0-A22D-90E1662D527A}.Release|ARM.ActiveCfg = Release|Any CPU
		{1FF35CA6-D576-47A0-A22D-90E1662D527A}.Release|ARM.Build.0 = Release|Any CPU
		{1FF35CA6-D576-47A0-A22D-90E1662D527A}.Release|x64.ActiveCfg = Release|Any CPU
		{1FF35CA6-D576-47A0-A22D-90E1662D527A}.Release|x64.Build.0 = Release|Any CPU
		{1FF35CA6-D576-47A0-A22D-90E1662D527A}.Release|x86.ActiveCfg = Release|Any CPU
		{1FF35CA6-D576-47A0-A22D-90E1662D527A}.Release|x86.Build.0 = Release|Any CPU
		{04F4B81E-70C4-43DD-82D8-185A885CE625}.Debug|Any CPU.ActiveCfg = Debug|Any CPU
		{04F4B81E-70C4-43DD-82D8-185A885CE625}.Debug|Any CPU.Build.0 = Debug|Any CPU
		{04F4B81E-70C4-43DD-82D8-185A885CE625}.Debug|ARM.ActiveCfg = Debug|Any CPU
		{04F4B81E-70C4-43DD-82D8-185A885CE625}.Debug|ARM.Build.0 = Debug|Any CPU
		{04F4B81E-70C4-43DD-82D8-185A885CE625}.Debug|x64.ActiveCfg = Debug|Any CPU
		{04F4B81E-70C4-43DD-82D8-185A885CE625}.Debug|x64.Build.0 = Debug|Any CPU
		{04F4B81E-70C4-43DD-82D8-185A885CE625}.Debug|x86.ActiveCfg = Debug|Any CPU
		{04F4B81E-70C4-43DD-82D8-185A885CE625}.Debug|x86.Build.0 = Debug|Any CPU
		{04F4B81E-70C4-43DD-82D8-185A885CE625}.Release|Any CPU.ActiveCfg = Release|Any CPU
		{04F4B81E-70C4-43DD-82D8-185A885CE625}.Release|Any CPU.Build.0 = Release|Any CPU
		{04F4B81E-70C4-43DD-82D8-185A885CE625}.Release|ARM.ActiveCfg = Release|Any CPU
		{04F4B81E-70C4-43DD-82D8-185A885CE625}.Release|ARM.Build.0 = Release|Any CPU
		{04F4B81E-70C4-43DD-82D8-185A885CE625}.Release|x64.ActiveCfg = Release|Any CPU
		{04F4B81E-70C4-43DD-82D8-185A885CE625}.Release|x64.Build.0 = Release|Any CPU
		{04F4B81E-70C4-43DD-82D8-185A885CE625}.Release|x86.ActiveCfg = Release|Any CPU
		{04F4B81E-70C4-43DD-82D8-185A885CE625}.Release|x86.Build.0 = Release|Any CPU
		{7B914FD1-BBE0-4824-9517-FC64E24E7CED}.Debug|Any CPU.ActiveCfg = Debug|Any CPU
		{7B914FD1-BBE0-4824-9517-FC64E24E7CED}.Debug|Any CPU.Build.0 = Debug|Any CPU
		{7B914FD1-BBE0-4824-9517-FC64E24E7CED}.Debug|ARM.ActiveCfg = Debug|Any CPU
		{7B914FD1-BBE0-4824-9517-FC64E24E7CED}.Debug|ARM.Build.0 = Debug|Any CPU
		{7B914FD1-BBE0-4824-9517-FC64E24E7CED}.Debug|x64.ActiveCfg = Debug|Any CPU
		{7B914FD1-BBE0-4824-9517-FC64E24E7CED}.Debug|x64.Build.0 = Debug|Any CPU
		{7B914FD1-BBE0-4824-9517-FC64E24E7CED}.Debug|x86.ActiveCfg = Debug|Any CPU
		{7B914FD1-BBE0-4824-9517-FC64E24E7CED}.Debug|x86.Build.0 = Debug|Any CPU
		{7B914FD1-BBE0-4824-9517-FC64E24E7CED}.Release|Any CPU.ActiveCfg = Release|Any CPU
		{7B914FD1-BBE0-4824-9517-FC64E24E7CED}.Release|Any CPU.Build.0 = Release|Any CPU
		{7B914FD1-BBE0-4824-9517-FC64E24E7CED}.Release|ARM.ActiveCfg = Release|Any CPU
		{7B914FD1-BBE0-4824-9517-FC64E24E7CED}.Release|ARM.Build.0 = Release|Any CPU
		{7B914FD1-BBE0-4824-9517-FC64E24E7CED}.Release|x64.ActiveCfg = Release|Any CPU
		{7B914FD1-BBE0-4824-9517-FC64E24E7CED}.Release|x64.Build.0 = Release|Any CPU
		{7B914FD1-BBE0-4824-9517-FC64E24E7CED}.Release|x86.ActiveCfg = Release|Any CPU
		{7B914FD1-BBE0-4824-9517-FC64E24E7CED}.Release|x86.Build.0 = Release|Any CPU
		{7C62BC2B-CFF9-4869-AE95-6395C138C2D1}.Debug|Any CPU.ActiveCfg = Debug|Any CPU
		{7C62BC2B-CFF9-4869-AE95-6395C138C2D1}.Debug|Any CPU.Build.0 = Debug|Any CPU
		{7C62BC2B-CFF9-4869-AE95-6395C138C2D1}.Debug|ARM.ActiveCfg = Debug|Any CPU
		{7C62BC2B-CFF9-4869-AE95-6395C138C2D1}.Debug|ARM.Build.0 = Debug|Any CPU
		{7C62BC2B-CFF9-4869-AE95-6395C138C2D1}.Debug|x64.ActiveCfg = Debug|Any CPU
		{7C62BC2B-CFF9-4869-AE95-6395C138C2D1}.Debug|x64.Build.0 = Debug|Any CPU
		{7C62BC2B-CFF9-4869-AE95-6395C138C2D1}.Debug|x86.ActiveCfg = Debug|Any CPU
		{7C62BC2B-CFF9-4869-AE95-6395C138C2D1}.Debug|x86.Build.0 = Debug|Any CPU
		{7C62BC2B-CFF9-4869-AE95-6395C138C2D1}.Release|Any CPU.ActiveCfg = Release|Any CPU
		{7C62BC2B-CFF9-4869-AE95-6395C138C2D1}.Release|Any CPU.Build.0 = Release|Any CPU
		{7C62BC2B-CFF9-4869-AE95-6395C138C2D1}.Release|ARM.ActiveCfg = Release|Any CPU
		{7C62BC2B-CFF9-4869-AE95-6395C138C2D1}.Release|ARM.Build.0 = Release|Any CPU
		{7C62BC2B-CFF9-4869-AE95-6395C138C2D1}.Release|x64.ActiveCfg = Release|Any CPU
		{7C62BC2B-CFF9-4869-AE95-6395C138C2D1}.Release|x64.Build.0 = Release|Any CPU
		{7C62BC2B-CFF9-4869-AE95-6395C138C2D1}.Release|x86.ActiveCfg = Release|Any CPU
		{7C62BC2B-CFF9-4869-AE95-6395C138C2D1}.Release|x86.Build.0 = Release|Any CPU
		{E581C239-CC2D-40D2-BC4E-AE7E8C96B447}.Debug|Any CPU.ActiveCfg = Debug|Any CPU
		{E581C239-CC2D-40D2-BC4E-AE7E8C96B447}.Debug|Any CPU.Build.0 = Debug|Any CPU
		{E581C239-CC2D-40D2-BC4E-AE7E8C96B447}.Debug|ARM.ActiveCfg = Debug|Any CPU
		{E581C239-CC2D-40D2-BC4E-AE7E8C96B447}.Debug|ARM.Build.0 = Debug|Any CPU
		{E581C239-CC2D-40D2-BC4E-AE7E8C96B447}.Debug|x64.ActiveCfg = Debug|Any CPU
		{E581C239-CC2D-40D2-BC4E-AE7E8C96B447}.Debug|x64.Build.0 = Debug|Any CPU
		{E581C239-CC2D-40D2-BC4E-AE7E8C96B447}.Debug|x86.ActiveCfg = Debug|Any CPU
		{E581C239-CC2D-40D2-BC4E-AE7E8C96B447}.Debug|x86.Build.0 = Debug|Any CPU
		{E581C239-CC2D-40D2-BC4E-AE7E8C96B447}.Release|Any CPU.ActiveCfg = Release|Any CPU
		{E581C239-CC2D-40D2-BC4E-AE7E8C96B447}.Release|Any CPU.Build.0 = Release|Any CPU
		{E581C239-CC2D-40D2-BC4E-AE7E8C96B447}.Release|ARM.ActiveCfg = Release|Any CPU
		{E581C239-CC2D-40D2-BC4E-AE7E8C96B447}.Release|ARM.Build.0 = Release|Any CPU
		{E581C239-CC2D-40D2-BC4E-AE7E8C96B447}.Release|x64.ActiveCfg = Release|Any CPU
		{E581C239-CC2D-40D2-BC4E-AE7E8C96B447}.Release|x64.Build.0 = Release|Any CPU
		{E581C239-CC2D-40D2-BC4E-AE7E8C96B447}.Release|x86.ActiveCfg = Release|Any CPU
		{E581C239-CC2D-40D2-BC4E-AE7E8C96B447}.Release|x86.Build.0 = Release|Any CPU
		{DF37A34A-FBE7-48C1-A64C-71444E2F8A2F}.Debug|Any CPU.ActiveCfg = Debug|Any CPU
		{DF37A34A-FBE7-48C1-A64C-71444E2F8A2F}.Debug|Any CPU.Build.0 = Debug|Any CPU
		{DF37A34A-FBE7-48C1-A64C-71444E2F8A2F}.Debug|ARM.ActiveCfg = Debug|Any CPU
		{DF37A34A-FBE7-48C1-A64C-71444E2F8A2F}.Debug|ARM.Build.0 = Debug|Any CPU
		{DF37A34A-FBE7-48C1-A64C-71444E2F8A2F}.Debug|x64.ActiveCfg = Debug|Any CPU
		{DF37A34A-FBE7-48C1-A64C-71444E2F8A2F}.Debug|x64.Build.0 = Debug|Any CPU
		{DF37A34A-FBE7-48C1-A64C-71444E2F8A2F}.Debug|x86.ActiveCfg = Debug|Any CPU
		{DF37A34A-FBE7-48C1-A64C-71444E2F8A2F}.Debug|x86.Build.0 = Debug|Any CPU
		{DF37A34A-FBE7-48C1-A64C-71444E2F8A2F}.Release|Any CPU.ActiveCfg = Release|Any CPU
		{DF37A34A-FBE7-48C1-A64C-71444E2F8A2F}.Release|Any CPU.Build.0 = Release|Any CPU
		{DF37A34A-FBE7-48C1-A64C-71444E2F8A2F}.Release|ARM.ActiveCfg = Release|Any CPU
		{DF37A34A-FBE7-48C1-A64C-71444E2F8A2F}.Release|ARM.Build.0 = Release|Any CPU
		{DF37A34A-FBE7-48C1-A64C-71444E2F8A2F}.Release|x64.ActiveCfg = Release|Any CPU
		{DF37A34A-FBE7-48C1-A64C-71444E2F8A2F}.Release|x64.Build.0 = Release|Any CPU
		{DF37A34A-FBE7-48C1-A64C-71444E2F8A2F}.Release|x86.ActiveCfg = Release|Any CPU
		{DF37A34A-FBE7-48C1-A64C-71444E2F8A2F}.Release|x86.Build.0 = Release|Any CPU
		{6A88F3CC-8EC7-4ED7-A52C-22D17E5884C0}.Debug|Any CPU.ActiveCfg = Debug|Any CPU
		{6A88F3CC-8EC7-4ED7-A52C-22D17E5884C0}.Debug|Any CPU.Build.0 = Debug|Any CPU
		{6A88F3CC-8EC7-4ED7-A52C-22D17E5884C0}.Debug|ARM.ActiveCfg = Debug|Any CPU
		{6A88F3CC-8EC7-4ED7-A52C-22D17E5884C0}.Debug|ARM.Build.0 = Debug|Any CPU
		{6A88F3CC-8EC7-4ED7-A52C-22D17E5884C0}.Debug|x64.ActiveCfg = Debug|Any CPU
		{6A88F3CC-8EC7-4ED7-A52C-22D17E5884C0}.Debug|x64.Build.0 = Debug|Any CPU
		{6A88F3CC-8EC7-4ED7-A52C-22D17E5884C0}.Debug|x86.ActiveCfg = Debug|Any CPU
		{6A88F3CC-8EC7-4ED7-A52C-22D17E5884C0}.Debug|x86.Build.0 = Debug|Any CPU
		{6A88F3CC-8EC7-4ED7-A52C-22D17E5884C0}.Release|Any CPU.ActiveCfg = Release|Any CPU
		{6A88F3CC-8EC7-4ED7-A52C-22D17E5884C0}.Release|Any CPU.Build.0 = Release|Any CPU
		{6A88F3CC-8EC7-4ED7-A52C-22D17E5884C0}.Release|ARM.ActiveCfg = Release|Any CPU
		{6A88F3CC-8EC7-4ED7-A52C-22D17E5884C0}.Release|ARM.Build.0 = Release|Any CPU
		{6A88F3CC-8EC7-4ED7-A52C-22D17E5884C0}.Release|x64.ActiveCfg = Release|Any CPU
		{6A88F3CC-8EC7-4ED7-A52C-22D17E5884C0}.Release|x64.Build.0 = Release|Any CPU
		{6A88F3CC-8EC7-4ED7-A52C-22D17E5884C0}.Release|x86.ActiveCfg = Release|Any CPU
		{6A88F3CC-8EC7-4ED7-A52C-22D17E5884C0}.Release|x86.Build.0 = Release|Any CPU
		{9810855F-F0C6-4ADE-A22B-A89C73E21CF5}.Debug|Any CPU.ActiveCfg = Debug|Any CPU
		{9810855F-F0C6-4ADE-A22B-A89C73E21CF5}.Debug|Any CPU.Build.0 = Debug|Any CPU
		{9810855F-F0C6-4ADE-A22B-A89C73E21CF5}.Debug|ARM.ActiveCfg = Debug|Any CPU
		{9810855F-F0C6-4ADE-A22B-A89C73E21CF5}.Debug|ARM.Build.0 = Debug|Any CPU
		{9810855F-F0C6-4ADE-A22B-A89C73E21CF5}.Debug|x64.ActiveCfg = Debug|Any CPU
		{9810855F-F0C6-4ADE-A22B-A89C73E21CF5}.Debug|x64.Build.0 = Debug|Any CPU
		{9810855F-F0C6-4ADE-A22B-A89C73E21CF5}.Debug|x86.ActiveCfg = Debug|Any CPU
		{9810855F-F0C6-4ADE-A22B-A89C73E21CF5}.Debug|x86.Build.0 = Debug|Any CPU
		{9810855F-F0C6-4ADE-A22B-A89C73E21CF5}.Release|Any CPU.ActiveCfg = Release|Any CPU
		{9810855F-F0C6-4ADE-A22B-A89C73E21CF5}.Release|Any CPU.Build.0 = Release|Any CPU
		{9810855F-F0C6-4ADE-A22B-A89C73E21CF5}.Release|ARM.ActiveCfg = Release|Any CPU
		{9810855F-F0C6-4ADE-A22B-A89C73E21CF5}.Release|ARM.Build.0 = Release|Any CPU
		{9810855F-F0C6-4ADE-A22B-A89C73E21CF5}.Release|x64.ActiveCfg = Release|Any CPU
		{9810855F-F0C6-4ADE-A22B-A89C73E21CF5}.Release|x64.Build.0 = Release|Any CPU
		{9810855F-F0C6-4ADE-A22B-A89C73E21CF5}.Release|x86.ActiveCfg = Release|Any CPU
		{9810855F-F0C6-4ADE-A22B-A89C73E21CF5}.Release|x86.Build.0 = Release|Any CPU
		{1F103F14-9F18-459E-93D8-56D04B57873C}.Debug|Any CPU.ActiveCfg = Debug|Any CPU
		{1F103F14-9F18-459E-93D8-56D04B57873C}.Debug|Any CPU.Build.0 = Debug|Any CPU
		{1F103F14-9F18-459E-93D8-56D04B57873C}.Debug|ARM.ActiveCfg = Debug|Any CPU
		{1F103F14-9F18-459E-93D8-56D04B57873C}.Debug|ARM.Build.0 = Debug|Any CPU
		{1F103F14-9F18-459E-93D8-56D04B57873C}.Debug|x64.ActiveCfg = Debug|Any CPU
		{1F103F14-9F18-459E-93D8-56D04B57873C}.Debug|x64.Build.0 = Debug|Any CPU
		{1F103F14-9F18-459E-93D8-56D04B57873C}.Debug|x86.ActiveCfg = Debug|Any CPU
		{1F103F14-9F18-459E-93D8-56D04B57873C}.Debug|x86.Build.0 = Debug|Any CPU
		{1F103F14-9F18-459E-93D8-56D04B57873C}.Release|Any CPU.ActiveCfg = Release|Any CPU
		{1F103F14-9F18-459E-93D8-56D04B57873C}.Release|Any CPU.Build.0 = Release|Any CPU
		{1F103F14-9F18-459E-93D8-56D04B57873C}.Release|ARM.ActiveCfg = Release|Any CPU
		{1F103F14-9F18-459E-93D8-56D04B57873C}.Release|ARM.Build.0 = Release|Any CPU
		{1F103F14-9F18-459E-93D8-56D04B57873C}.Release|x64.ActiveCfg = Release|Any CPU
		{1F103F14-9F18-459E-93D8-56D04B57873C}.Release|x64.Build.0 = Release|Any CPU
		{1F103F14-9F18-459E-93D8-56D04B57873C}.Release|x86.ActiveCfg = Release|Any CPU
		{1F103F14-9F18-459E-93D8-56D04B57873C}.Release|x86.Build.0 = Release|Any CPU
		{BAF0DC7C-3A9F-4874-8343-848E1549B1B9}.Debug|Any CPU.ActiveCfg = Debug|Any CPU
		{BAF0DC7C-3A9F-4874-8343-848E1549B1B9}.Debug|Any CPU.Build.0 = Debug|Any CPU
		{BAF0DC7C-3A9F-4874-8343-848E1549B1B9}.Debug|ARM.ActiveCfg = Debug|Any CPU
		{BAF0DC7C-3A9F-4874-8343-848E1549B1B9}.Debug|ARM.Build.0 = Debug|Any CPU
		{BAF0DC7C-3A9F-4874-8343-848E1549B1B9}.Debug|x64.ActiveCfg = Debug|Any CPU
		{BAF0DC7C-3A9F-4874-8343-848E1549B1B9}.Debug|x64.Build.0 = Debug|Any CPU
		{BAF0DC7C-3A9F-4874-8343-848E1549B1B9}.Debug|x86.ActiveCfg = Debug|Any CPU
		{BAF0DC7C-3A9F-4874-8343-848E1549B1B9}.Debug|x86.Build.0 = Debug|Any CPU
		{BAF0DC7C-3A9F-4874-8343-848E1549B1B9}.Release|Any CPU.ActiveCfg = Release|Any CPU
		{BAF0DC7C-3A9F-4874-8343-848E1549B1B9}.Release|Any CPU.Build.0 = Release|Any CPU
		{BAF0DC7C-3A9F-4874-8343-848E1549B1B9}.Release|ARM.ActiveCfg = Release|Any CPU
		{BAF0DC7C-3A9F-4874-8343-848E1549B1B9}.Release|ARM.Build.0 = Release|Any CPU
		{BAF0DC7C-3A9F-4874-8343-848E1549B1B9}.Release|x64.ActiveCfg = Release|Any CPU
		{BAF0DC7C-3A9F-4874-8343-848E1549B1B9}.Release|x64.Build.0 = Release|Any CPU
		{BAF0DC7C-3A9F-4874-8343-848E1549B1B9}.Release|x86.ActiveCfg = Release|Any CPU
		{BAF0DC7C-3A9F-4874-8343-848E1549B1B9}.Release|x86.Build.0 = Release|Any CPU
		{47EBAE62-6724-4A96-9B5C-5C85A849B14F}.Debug|Any CPU.ActiveCfg = Debug|Any CPU
		{47EBAE62-6724-4A96-9B5C-5C85A849B14F}.Debug|Any CPU.Build.0 = Debug|Any CPU
		{47EBAE62-6724-4A96-9B5C-5C85A849B14F}.Debug|ARM.ActiveCfg = Debug|Any CPU
		{47EBAE62-6724-4A96-9B5C-5C85A849B14F}.Debug|ARM.Build.0 = Debug|Any CPU
		{47EBAE62-6724-4A96-9B5C-5C85A849B14F}.Debug|x64.ActiveCfg = Debug|Any CPU
		{47EBAE62-6724-4A96-9B5C-5C85A849B14F}.Debug|x64.Build.0 = Debug|Any CPU
		{47EBAE62-6724-4A96-9B5C-5C85A849B14F}.Debug|x86.ActiveCfg = Debug|Any CPU
		{47EBAE62-6724-4A96-9B5C-5C85A849B14F}.Debug|x86.Build.0 = Debug|Any CPU
		{47EBAE62-6724-4A96-9B5C-5C85A849B14F}.Release|Any CPU.ActiveCfg = Release|Any CPU
		{47EBAE62-6724-4A96-9B5C-5C85A849B14F}.Release|Any CPU.Build.0 = Release|Any CPU
		{47EBAE62-6724-4A96-9B5C-5C85A849B14F}.Release|ARM.ActiveCfg = Release|Any CPU
		{47EBAE62-6724-4A96-9B5C-5C85A849B14F}.Release|ARM.Build.0 = Release|Any CPU
		{47EBAE62-6724-4A96-9B5C-5C85A849B14F}.Release|x64.ActiveCfg = Release|Any CPU
		{47EBAE62-6724-4A96-9B5C-5C85A849B14F}.Release|x64.Build.0 = Release|Any CPU
		{47EBAE62-6724-4A96-9B5C-5C85A849B14F}.Release|x86.ActiveCfg = Release|Any CPU
		{47EBAE62-6724-4A96-9B5C-5C85A849B14F}.Release|x86.Build.0 = Release|Any CPU
		{9E57F855-6B32-4C4A-89F4-656E8AFDBF47}.Debug|Any CPU.ActiveCfg = Debug|Any CPU
		{9E57F855-6B32-4C4A-89F4-656E8AFDBF47}.Debug|Any CPU.Build.0 = Debug|Any CPU
		{9E57F855-6B32-4C4A-89F4-656E8AFDBF47}.Debug|ARM.ActiveCfg = Debug|Any CPU
		{9E57F855-6B32-4C4A-89F4-656E8AFDBF47}.Debug|ARM.Build.0 = Debug|Any CPU
		{9E57F855-6B32-4C4A-89F4-656E8AFDBF47}.Debug|x64.ActiveCfg = Debug|Any CPU
		{9E57F855-6B32-4C4A-89F4-656E8AFDBF47}.Debug|x64.Build.0 = Debug|Any CPU
		{9E57F855-6B32-4C4A-89F4-656E8AFDBF47}.Debug|x86.ActiveCfg = Debug|Any CPU
		{9E57F855-6B32-4C4A-89F4-656E8AFDBF47}.Debug|x86.Build.0 = Debug|Any CPU
		{9E57F855-6B32-4C4A-89F4-656E8AFDBF47}.Release|Any CPU.ActiveCfg = Release|Any CPU
		{9E57F855-6B32-4C4A-89F4-656E8AFDBF47}.Release|Any CPU.Build.0 = Release|Any CPU
		{9E57F855-6B32-4C4A-89F4-656E8AFDBF47}.Release|ARM.ActiveCfg = Release|Any CPU
		{9E57F855-6B32-4C4A-89F4-656E8AFDBF47}.Release|ARM.Build.0 = Release|Any CPU
		{9E57F855-6B32-4C4A-89F4-656E8AFDBF47}.Release|x64.ActiveCfg = Release|Any CPU
		{9E57F855-6B32-4C4A-89F4-656E8AFDBF47}.Release|x64.Build.0 = Release|Any CPU
		{9E57F855-6B32-4C4A-89F4-656E8AFDBF47}.Release|x86.ActiveCfg = Release|Any CPU
		{9E57F855-6B32-4C4A-89F4-656E8AFDBF47}.Release|x86.Build.0 = Release|Any CPU
		{B8EE3D3D-B60E-4DFC-80E0-14CFD503A81E}.Debug|Any CPU.ActiveCfg = Debug|Any CPU
		{B8EE3D3D-B60E-4DFC-80E0-14CFD503A81E}.Debug|Any CPU.Build.0 = Debug|Any CPU
		{B8EE3D3D-B60E-4DFC-80E0-14CFD503A81E}.Debug|ARM.ActiveCfg = Debug|Any CPU
		{B8EE3D3D-B60E-4DFC-80E0-14CFD503A81E}.Debug|ARM.Build.0 = Debug|Any CPU
		{B8EE3D3D-B60E-4DFC-80E0-14CFD503A81E}.Debug|x64.ActiveCfg = Debug|Any CPU
		{B8EE3D3D-B60E-4DFC-80E0-14CFD503A81E}.Debug|x64.Build.0 = Debug|Any CPU
		{B8EE3D3D-B60E-4DFC-80E0-14CFD503A81E}.Debug|x86.ActiveCfg = Debug|Any CPU
		{B8EE3D3D-B60E-4DFC-80E0-14CFD503A81E}.Debug|x86.Build.0 = Debug|Any CPU
		{B8EE3D3D-B60E-4DFC-80E0-14CFD503A81E}.Release|Any CPU.ActiveCfg = Release|Any CPU
		{B8EE3D3D-B60E-4DFC-80E0-14CFD503A81E}.Release|Any CPU.Build.0 = Release|Any CPU
		{B8EE3D3D-B60E-4DFC-80E0-14CFD503A81E}.Release|ARM.ActiveCfg = Release|Any CPU
		{B8EE3D3D-B60E-4DFC-80E0-14CFD503A81E}.Release|ARM.Build.0 = Release|Any CPU
		{B8EE3D3D-B60E-4DFC-80E0-14CFD503A81E}.Release|x64.ActiveCfg = Release|Any CPU
		{B8EE3D3D-B60E-4DFC-80E0-14CFD503A81E}.Release|x64.Build.0 = Release|Any CPU
		{B8EE3D3D-B60E-4DFC-80E0-14CFD503A81E}.Release|x86.ActiveCfg = Release|Any CPU
		{B8EE3D3D-B60E-4DFC-80E0-14CFD503A81E}.Release|x86.Build.0 = Release|Any CPU
		{833F017E-E0B9-4B34-BFDF-3F29D54D54D4}.Debug|Any CPU.ActiveCfg = Debug|Any CPU
		{833F017E-E0B9-4B34-BFDF-3F29D54D54D4}.Debug|Any CPU.Build.0 = Debug|Any CPU
		{833F017E-E0B9-4B34-BFDF-3F29D54D54D4}.Debug|ARM.ActiveCfg = Debug|Any CPU
		{833F017E-E0B9-4B34-BFDF-3F29D54D54D4}.Debug|ARM.Build.0 = Debug|Any CPU
		{833F017E-E0B9-4B34-BFDF-3F29D54D54D4}.Debug|x64.ActiveCfg = Debug|Any CPU
		{833F017E-E0B9-4B34-BFDF-3F29D54D54D4}.Debug|x64.Build.0 = Debug|Any CPU
		{833F017E-E0B9-4B34-BFDF-3F29D54D54D4}.Debug|x86.ActiveCfg = Debug|Any CPU
		{833F017E-E0B9-4B34-BFDF-3F29D54D54D4}.Debug|x86.Build.0 = Debug|Any CPU
		{833F017E-E0B9-4B34-BFDF-3F29D54D54D4}.Release|Any CPU.ActiveCfg = Release|Any CPU
		{833F017E-E0B9-4B34-BFDF-3F29D54D54D4}.Release|Any CPU.Build.0 = Release|Any CPU
		{833F017E-E0B9-4B34-BFDF-3F29D54D54D4}.Release|ARM.ActiveCfg = Release|Any CPU
		{833F017E-E0B9-4B34-BFDF-3F29D54D54D4}.Release|ARM.Build.0 = Release|Any CPU
		{833F017E-E0B9-4B34-BFDF-3F29D54D54D4}.Release|x64.ActiveCfg = Release|Any CPU
		{833F017E-E0B9-4B34-BFDF-3F29D54D54D4}.Release|x64.Build.0 = Release|Any CPU
		{833F017E-E0B9-4B34-BFDF-3F29D54D54D4}.Release|x86.ActiveCfg = Release|Any CPU
		{833F017E-E0B9-4B34-BFDF-3F29D54D54D4}.Release|x86.Build.0 = Release|Any CPU
		{F68DB224-7A19-4272-B6C1-144653782DD4}.Debug|Any CPU.ActiveCfg = Debug|Any CPU
		{F68DB224-7A19-4272-B6C1-144653782DD4}.Debug|Any CPU.Build.0 = Debug|Any CPU
		{F68DB224-7A19-4272-B6C1-144653782DD4}.Debug|ARM.ActiveCfg = Debug|Any CPU
		{F68DB224-7A19-4272-B6C1-144653782DD4}.Debug|ARM.Build.0 = Debug|Any CPU
		{F68DB224-7A19-4272-B6C1-144653782DD4}.Debug|x64.ActiveCfg = Debug|Any CPU
		{F68DB224-7A19-4272-B6C1-144653782DD4}.Debug|x64.Build.0 = Debug|Any CPU
		{F68DB224-7A19-4272-B6C1-144653782DD4}.Debug|x86.ActiveCfg = Debug|Any CPU
		{F68DB224-7A19-4272-B6C1-144653782DD4}.Debug|x86.Build.0 = Debug|Any CPU
		{F68DB224-7A19-4272-B6C1-144653782DD4}.Release|Any CPU.ActiveCfg = Release|Any CPU
		{F68DB224-7A19-4272-B6C1-144653782DD4}.Release|Any CPU.Build.0 = Release|Any CPU
		{F68DB224-7A19-4272-B6C1-144653782DD4}.Release|ARM.ActiveCfg = Release|Any CPU
		{F68DB224-7A19-4272-B6C1-144653782DD4}.Release|ARM.Build.0 = Release|Any CPU
		{F68DB224-7A19-4272-B6C1-144653782DD4}.Release|x64.ActiveCfg = Release|Any CPU
		{F68DB224-7A19-4272-B6C1-144653782DD4}.Release|x64.Build.0 = Release|Any CPU
		{F68DB224-7A19-4272-B6C1-144653782DD4}.Release|x86.ActiveCfg = Release|Any CPU
		{F68DB224-7A19-4272-B6C1-144653782DD4}.Release|x86.Build.0 = Release|Any CPU
		{A3056717-5D16-4954-80D6-2C1B07AFD2D1}.Debug|Any CPU.ActiveCfg = Debug|Any CPU
		{A3056717-5D16-4954-80D6-2C1B07AFD2D1}.Debug|Any CPU.Build.0 = Debug|Any CPU
		{A3056717-5D16-4954-80D6-2C1B07AFD2D1}.Debug|ARM.ActiveCfg = Debug|Any CPU
		{A3056717-5D16-4954-80D6-2C1B07AFD2D1}.Debug|ARM.Build.0 = Debug|Any CPU
		{A3056717-5D16-4954-80D6-2C1B07AFD2D1}.Debug|x64.ActiveCfg = Debug|Any CPU
		{A3056717-5D16-4954-80D6-2C1B07AFD2D1}.Debug|x64.Build.0 = Debug|Any CPU
		{A3056717-5D16-4954-80D6-2C1B07AFD2D1}.Debug|x86.ActiveCfg = Debug|Any CPU
		{A3056717-5D16-4954-80D6-2C1B07AFD2D1}.Debug|x86.Build.0 = Debug|Any CPU
		{A3056717-5D16-4954-80D6-2C1B07AFD2D1}.Release|Any CPU.ActiveCfg = Release|Any CPU
		{A3056717-5D16-4954-80D6-2C1B07AFD2D1}.Release|Any CPU.Build.0 = Release|Any CPU
		{A3056717-5D16-4954-80D6-2C1B07AFD2D1}.Release|ARM.ActiveCfg = Release|Any CPU
		{A3056717-5D16-4954-80D6-2C1B07AFD2D1}.Release|ARM.Build.0 = Release|Any CPU
		{A3056717-5D16-4954-80D6-2C1B07AFD2D1}.Release|x64.ActiveCfg = Release|Any CPU
		{A3056717-5D16-4954-80D6-2C1B07AFD2D1}.Release|x64.Build.0 = Release|Any CPU
		{A3056717-5D16-4954-80D6-2C1B07AFD2D1}.Release|x86.ActiveCfg = Release|Any CPU
		{A3056717-5D16-4954-80D6-2C1B07AFD2D1}.Release|x86.Build.0 = Release|Any CPU
		{BC384A81-6EC7-4EDB-8C3D-D4E0616C351E}.Debug|Any CPU.ActiveCfg = Debug|Any CPU
		{BC384A81-6EC7-4EDB-8C3D-D4E0616C351E}.Debug|Any CPU.Build.0 = Debug|Any CPU
		{BC384A81-6EC7-4EDB-8C3D-D4E0616C351E}.Debug|ARM.ActiveCfg = Debug|Any CPU
		{BC384A81-6EC7-4EDB-8C3D-D4E0616C351E}.Debug|ARM.Build.0 = Debug|Any CPU
		{BC384A81-6EC7-4EDB-8C3D-D4E0616C351E}.Debug|x64.ActiveCfg = Debug|Any CPU
		{BC384A81-6EC7-4EDB-8C3D-D4E0616C351E}.Debug|x64.Build.0 = Debug|Any CPU
		{BC384A81-6EC7-4EDB-8C3D-D4E0616C351E}.Debug|x86.ActiveCfg = Debug|Any CPU
		{BC384A81-6EC7-4EDB-8C3D-D4E0616C351E}.Debug|x86.Build.0 = Debug|Any CPU
		{BC384A81-6EC7-4EDB-8C3D-D4E0616C351E}.Release|Any CPU.ActiveCfg = Release|Any CPU
		{BC384A81-6EC7-4EDB-8C3D-D4E0616C351E}.Release|Any CPU.Build.0 = Release|Any CPU
		{BC384A81-6EC7-4EDB-8C3D-D4E0616C351E}.Release|ARM.ActiveCfg = Release|Any CPU
		{BC384A81-6EC7-4EDB-8C3D-D4E0616C351E}.Release|ARM.Build.0 = Release|Any CPU
		{BC384A81-6EC7-4EDB-8C3D-D4E0616C351E}.Release|x64.ActiveCfg = Release|Any CPU
		{BC384A81-6EC7-4EDB-8C3D-D4E0616C351E}.Release|x64.Build.0 = Release|Any CPU
		{BC384A81-6EC7-4EDB-8C3D-D4E0616C351E}.Release|x86.ActiveCfg = Release|Any CPU
		{BC384A81-6EC7-4EDB-8C3D-D4E0616C351E}.Release|x86.Build.0 = Release|Any CPU
		{C4EF060A-4CF2-42C4-A881-6565670D0ADF}.Debug|Any CPU.ActiveCfg = Debug|x86
		{C4EF060A-4CF2-42C4-A881-6565670D0ADF}.Debug|ARM.ActiveCfg = Debug|ARM
		{C4EF060A-4CF2-42C4-A881-6565670D0ADF}.Debug|ARM.Build.0 = Debug|ARM
		{C4EF060A-4CF2-42C4-A881-6565670D0ADF}.Debug|ARM.Deploy.0 = Debug|ARM
		{C4EF060A-4CF2-42C4-A881-6565670D0ADF}.Debug|x64.ActiveCfg = Debug|x64
		{C4EF060A-4CF2-42C4-A881-6565670D0ADF}.Debug|x64.Build.0 = Debug|x64
		{C4EF060A-4CF2-42C4-A881-6565670D0ADF}.Debug|x64.Deploy.0 = Debug|x64
		{C4EF060A-4CF2-42C4-A881-6565670D0ADF}.Debug|x86.ActiveCfg = Debug|x86
		{C4EF060A-4CF2-42C4-A881-6565670D0ADF}.Debug|x86.Build.0 = Debug|x86
		{C4EF060A-4CF2-42C4-A881-6565670D0ADF}.Debug|x86.Deploy.0 = Debug|x86
		{C4EF060A-4CF2-42C4-A881-6565670D0ADF}.Release|Any CPU.ActiveCfg = Release|x86
		{C4EF060A-4CF2-42C4-A881-6565670D0ADF}.Release|ARM.ActiveCfg = Release|ARM
		{C4EF060A-4CF2-42C4-A881-6565670D0ADF}.Release|ARM.Build.0 = Release|ARM
		{C4EF060A-4CF2-42C4-A881-6565670D0ADF}.Release|ARM.Deploy.0 = Release|ARM
		{C4EF060A-4CF2-42C4-A881-6565670D0ADF}.Release|x64.ActiveCfg = Release|x64
		{C4EF060A-4CF2-42C4-A881-6565670D0ADF}.Release|x64.Build.0 = Release|x64
		{C4EF060A-4CF2-42C4-A881-6565670D0ADF}.Release|x64.Deploy.0 = Release|x64
		{C4EF060A-4CF2-42C4-A881-6565670D0ADF}.Release|x86.ActiveCfg = Release|x86
		{C4EF060A-4CF2-42C4-A881-6565670D0ADF}.Release|x86.Build.0 = Release|x86
		{C4EF060A-4CF2-42C4-A881-6565670D0ADF}.Release|x86.Deploy.0 = Release|x86
		{17EFEB46-15B9-4829-972D-99543AE82B7D}.Debug|Any CPU.ActiveCfg = Debug|Any CPU
		{17EFEB46-15B9-4829-972D-99543AE82B7D}.Debug|Any CPU.Build.0 = Debug|Any CPU
		{17EFEB46-15B9-4829-972D-99543AE82B7D}.Debug|ARM.ActiveCfg = Debug|Any CPU
		{17EFEB46-15B9-4829-972D-99543AE82B7D}.Debug|ARM.Build.0 = Debug|Any CPU
		{17EFEB46-15B9-4829-972D-99543AE82B7D}.Debug|x64.ActiveCfg = Debug|Any CPU
		{17EFEB46-15B9-4829-972D-99543AE82B7D}.Debug|x64.Build.0 = Debug|Any CPU
		{17EFEB46-15B9-4829-972D-99543AE82B7D}.Debug|x86.ActiveCfg = Debug|Any CPU
		{17EFEB46-15B9-4829-972D-99543AE82B7D}.Debug|x86.Build.0 = Debug|Any CPU
		{17EFEB46-15B9-4829-972D-99543AE82B7D}.Release|Any CPU.ActiveCfg = Release|Any CPU
		{17EFEB46-15B9-4829-972D-99543AE82B7D}.Release|Any CPU.Build.0 = Release|Any CPU
		{17EFEB46-15B9-4829-972D-99543AE82B7D}.Release|ARM.ActiveCfg = Release|Any CPU
		{17EFEB46-15B9-4829-972D-99543AE82B7D}.Release|ARM.Build.0 = Release|Any CPU
		{17EFEB46-15B9-4829-972D-99543AE82B7D}.Release|x64.ActiveCfg = Release|Any CPU
		{17EFEB46-15B9-4829-972D-99543AE82B7D}.Release|x64.Build.0 = Release|Any CPU
		{17EFEB46-15B9-4829-972D-99543AE82B7D}.Release|x86.ActiveCfg = Release|Any CPU
		{17EFEB46-15B9-4829-972D-99543AE82B7D}.Release|x86.Build.0 = Release|Any CPU
		{4C4B74B2-90BD-43BC-98E2-BE4B4CD0F821}.Debug|Any CPU.ActiveCfg = Debug|Any CPU
		{4C4B74B2-90BD-43BC-98E2-BE4B4CD0F821}.Debug|Any CPU.Build.0 = Debug|Any CPU
		{4C4B74B2-90BD-43BC-98E2-BE4B4CD0F821}.Debug|ARM.ActiveCfg = Debug|Any CPU
		{4C4B74B2-90BD-43BC-98E2-BE4B4CD0F821}.Debug|ARM.Build.0 = Debug|Any CPU
		{4C4B74B2-90BD-43BC-98E2-BE4B4CD0F821}.Debug|x64.ActiveCfg = Debug|Any CPU
		{4C4B74B2-90BD-43BC-98E2-BE4B4CD0F821}.Debug|x64.Build.0 = Debug|Any CPU
		{4C4B74B2-90BD-43BC-98E2-BE4B4CD0F821}.Debug|x86.ActiveCfg = Debug|Any CPU
		{4C4B74B2-90BD-43BC-98E2-BE4B4CD0F821}.Debug|x86.Build.0 = Debug|Any CPU
		{4C4B74B2-90BD-43BC-98E2-BE4B4CD0F821}.Release|Any CPU.ActiveCfg = Release|Any CPU
		{4C4B74B2-90BD-43BC-98E2-BE4B4CD0F821}.Release|Any CPU.Build.0 = Release|Any CPU
		{4C4B74B2-90BD-43BC-98E2-BE4B4CD0F821}.Release|ARM.ActiveCfg = Release|Any CPU
		{4C4B74B2-90BD-43BC-98E2-BE4B4CD0F821}.Release|ARM.Build.0 = Release|Any CPU
		{4C4B74B2-90BD-43BC-98E2-BE4B4CD0F821}.Release|x64.ActiveCfg = Release|Any CPU
		{4C4B74B2-90BD-43BC-98E2-BE4B4CD0F821}.Release|x64.Build.0 = Release|Any CPU
		{4C4B74B2-90BD-43BC-98E2-BE4B4CD0F821}.Release|x86.ActiveCfg = Release|Any CPU
		{4C4B74B2-90BD-43BC-98E2-BE4B4CD0F821}.Release|x86.Build.0 = Release|Any CPU
		{EB1FCFA5-D4E0-4CCB-9E4F-A89B98275CF4}.Debug|Any CPU.ActiveCfg = Debug|Any CPU
		{EB1FCFA5-D4E0-4CCB-9E4F-A89B98275CF4}.Debug|Any CPU.Build.0 = Debug|Any CPU
		{EB1FCFA5-D4E0-4CCB-9E4F-A89B98275CF4}.Debug|ARM.ActiveCfg = Debug|Any CPU
		{EB1FCFA5-D4E0-4CCB-9E4F-A89B98275CF4}.Debug|ARM.Build.0 = Debug|Any CPU
		{EB1FCFA5-D4E0-4CCB-9E4F-A89B98275CF4}.Debug|x64.ActiveCfg = Debug|Any CPU
		{EB1FCFA5-D4E0-4CCB-9E4F-A89B98275CF4}.Debug|x64.Build.0 = Debug|Any CPU
		{EB1FCFA5-D4E0-4CCB-9E4F-A89B98275CF4}.Debug|x86.ActiveCfg = Debug|Any CPU
		{EB1FCFA5-D4E0-4CCB-9E4F-A89B98275CF4}.Debug|x86.Build.0 = Debug|Any CPU
		{EB1FCFA5-D4E0-4CCB-9E4F-A89B98275CF4}.Release|Any CPU.ActiveCfg = Release|Any CPU
		{EB1FCFA5-D4E0-4CCB-9E4F-A89B98275CF4}.Release|Any CPU.Build.0 = Release|Any CPU
		{EB1FCFA5-D4E0-4CCB-9E4F-A89B98275CF4}.Release|ARM.ActiveCfg = Release|Any CPU
		{EB1FCFA5-D4E0-4CCB-9E4F-A89B98275CF4}.Release|ARM.Build.0 = Release|Any CPU
		{EB1FCFA5-D4E0-4CCB-9E4F-A89B98275CF4}.Release|x64.ActiveCfg = Release|Any CPU
		{EB1FCFA5-D4E0-4CCB-9E4F-A89B98275CF4}.Release|x64.Build.0 = Release|Any CPU
		{EB1FCFA5-D4E0-4CCB-9E4F-A89B98275CF4}.Release|x86.ActiveCfg = Release|Any CPU
		{EB1FCFA5-D4E0-4CCB-9E4F-A89B98275CF4}.Release|x86.Build.0 = Release|Any CPU
		{1DFFBCE1-55E5-4261-80A3-DD6B34ECBF90}.Debug|Any CPU.ActiveCfg = Debug|Any CPU
		{1DFFBCE1-55E5-4261-80A3-DD6B34ECBF90}.Debug|Any CPU.Build.0 = Debug|Any CPU
		{1DFFBCE1-55E5-4261-80A3-DD6B34ECBF90}.Debug|ARM.ActiveCfg = Debug|Any CPU
		{1DFFBCE1-55E5-4261-80A3-DD6B34ECBF90}.Debug|ARM.Build.0 = Debug|Any CPU
		{1DFFBCE1-55E5-4261-80A3-DD6B34ECBF90}.Debug|x64.ActiveCfg = Debug|Any CPU
		{1DFFBCE1-55E5-4261-80A3-DD6B34ECBF90}.Debug|x64.Build.0 = Debug|Any CPU
		{1DFFBCE1-55E5-4261-80A3-DD6B34ECBF90}.Debug|x86.ActiveCfg = Debug|Any CPU
		{1DFFBCE1-55E5-4261-80A3-DD6B34ECBF90}.Debug|x86.Build.0 = Debug|Any CPU
		{1DFFBCE1-55E5-4261-80A3-DD6B34ECBF90}.Release|Any CPU.ActiveCfg = Release|Any CPU
		{1DFFBCE1-55E5-4261-80A3-DD6B34ECBF90}.Release|Any CPU.Build.0 = Release|Any CPU
		{1DFFBCE1-55E5-4261-80A3-DD6B34ECBF90}.Release|ARM.ActiveCfg = Release|Any CPU
		{1DFFBCE1-55E5-4261-80A3-DD6B34ECBF90}.Release|ARM.Build.0 = Release|Any CPU
		{1DFFBCE1-55E5-4261-80A3-DD6B34ECBF90}.Release|x64.ActiveCfg = Release|Any CPU
		{1DFFBCE1-55E5-4261-80A3-DD6B34ECBF90}.Release|x64.Build.0 = Release|Any CPU
		{1DFFBCE1-55E5-4261-80A3-DD6B34ECBF90}.Release|x86.ActiveCfg = Release|Any CPU
		{1DFFBCE1-55E5-4261-80A3-DD6B34ECBF90}.Release|x86.Build.0 = Release|Any CPU
		{BD2979B1-D323-4F77-B81E-6C591FDD6C08}.Debug|Any CPU.ActiveCfg = Debug|Any CPU
		{BD2979B1-D323-4F77-B81E-6C591FDD6C08}.Debug|Any CPU.Build.0 = Debug|Any CPU
		{BD2979B1-D323-4F77-B81E-6C591FDD6C08}.Debug|ARM.ActiveCfg = Debug|Any CPU
		{BD2979B1-D323-4F77-B81E-6C591FDD6C08}.Debug|ARM.Build.0 = Debug|Any CPU
		{BD2979B1-D323-4F77-B81E-6C591FDD6C08}.Debug|x64.ActiveCfg = Debug|Any CPU
		{BD2979B1-D323-4F77-B81E-6C591FDD6C08}.Debug|x64.Build.0 = Debug|Any CPU
		{BD2979B1-D323-4F77-B81E-6C591FDD6C08}.Debug|x86.ActiveCfg = Debug|Any CPU
		{BD2979B1-D323-4F77-B81E-6C591FDD6C08}.Debug|x86.Build.0 = Debug|Any CPU
		{BD2979B1-D323-4F77-B81E-6C591FDD6C08}.Release|Any CPU.ActiveCfg = Release|Any CPU
		{BD2979B1-D323-4F77-B81E-6C591FDD6C08}.Release|Any CPU.Build.0 = Release|Any CPU
		{BD2979B1-D323-4F77-B81E-6C591FDD6C08}.Release|ARM.ActiveCfg = Release|Any CPU
		{BD2979B1-D323-4F77-B81E-6C591FDD6C08}.Release|ARM.Build.0 = Release|Any CPU
		{BD2979B1-D323-4F77-B81E-6C591FDD6C08}.Release|x64.ActiveCfg = Release|Any CPU
		{BD2979B1-D323-4F77-B81E-6C591FDD6C08}.Release|x64.Build.0 = Release|Any CPU
		{BD2979B1-D323-4F77-B81E-6C591FDD6C08}.Release|x86.ActiveCfg = Release|Any CPU
		{BD2979B1-D323-4F77-B81E-6C591FDD6C08}.Release|x86.Build.0 = Release|Any CPU
		{71FABA78-C30E-426E-BA03-03CDFB7237FD}.Debug|Any CPU.ActiveCfg = Debug|Any CPU
		{71FABA78-C30E-426E-BA03-03CDFB7237FD}.Debug|Any CPU.Build.0 = Debug|Any CPU
		{71FABA78-C30E-426E-BA03-03CDFB7237FD}.Debug|ARM.ActiveCfg = Debug|Any CPU
		{71FABA78-C30E-426E-BA03-03CDFB7237FD}.Debug|ARM.Build.0 = Debug|Any CPU
		{71FABA78-C30E-426E-BA03-03CDFB7237FD}.Debug|x64.ActiveCfg = Debug|Any CPU
		{71FABA78-C30E-426E-BA03-03CDFB7237FD}.Debug|x64.Build.0 = Debug|Any CPU
		{71FABA78-C30E-426E-BA03-03CDFB7237FD}.Debug|x86.ActiveCfg = Debug|Any CPU
		{71FABA78-C30E-426E-BA03-03CDFB7237FD}.Debug|x86.Build.0 = Debug|Any CPU
		{71FABA78-C30E-426E-BA03-03CDFB7237FD}.Release|Any CPU.ActiveCfg = Release|Any CPU
		{71FABA78-C30E-426E-BA03-03CDFB7237FD}.Release|Any CPU.Build.0 = Release|Any CPU
		{71FABA78-C30E-426E-BA03-03CDFB7237FD}.Release|ARM.ActiveCfg = Release|Any CPU
		{71FABA78-C30E-426E-BA03-03CDFB7237FD}.Release|ARM.Build.0 = Release|Any CPU
		{71FABA78-C30E-426E-BA03-03CDFB7237FD}.Release|x64.ActiveCfg = Release|Any CPU
		{71FABA78-C30E-426E-BA03-03CDFB7237FD}.Release|x64.Build.0 = Release|Any CPU
		{71FABA78-C30E-426E-BA03-03CDFB7237FD}.Release|x86.ActiveCfg = Release|Any CPU
		{71FABA78-C30E-426E-BA03-03CDFB7237FD}.Release|x86.Build.0 = Release|Any CPU
		{BE8D0985-8B1D-4008-B51E-127C4082B527}.Debug|Any CPU.ActiveCfg = Debug|Any CPU
		{BE8D0985-8B1D-4008-B51E-127C4082B527}.Debug|Any CPU.Build.0 = Debug|Any CPU
		{BE8D0985-8B1D-4008-B51E-127C4082B527}.Debug|ARM.ActiveCfg = Debug|Any CPU
		{BE8D0985-8B1D-4008-B51E-127C4082B527}.Debug|ARM.Build.0 = Debug|Any CPU
		{BE8D0985-8B1D-4008-B51E-127C4082B527}.Debug|x64.ActiveCfg = Debug|Any CPU
		{BE8D0985-8B1D-4008-B51E-127C4082B527}.Debug|x64.Build.0 = Debug|Any CPU
		{BE8D0985-8B1D-4008-B51E-127C4082B527}.Debug|x86.ActiveCfg = Debug|Any CPU
		{BE8D0985-8B1D-4008-B51E-127C4082B527}.Debug|x86.Build.0 = Debug|Any CPU
		{BE8D0985-8B1D-4008-B51E-127C4082B527}.Release|Any CPU.ActiveCfg = Release|Any CPU
		{BE8D0985-8B1D-4008-B51E-127C4082B527}.Release|Any CPU.Build.0 = Release|Any CPU
		{BE8D0985-8B1D-4008-B51E-127C4082B527}.Release|ARM.ActiveCfg = Release|Any CPU
		{BE8D0985-8B1D-4008-B51E-127C4082B527}.Release|ARM.Build.0 = Release|Any CPU
		{BE8D0985-8B1D-4008-B51E-127C4082B527}.Release|x64.ActiveCfg = Release|Any CPU
		{BE8D0985-8B1D-4008-B51E-127C4082B527}.Release|x64.Build.0 = Release|Any CPU
		{BE8D0985-8B1D-4008-B51E-127C4082B527}.Release|x86.ActiveCfg = Release|Any CPU
		{BE8D0985-8B1D-4008-B51E-127C4082B527}.Release|x86.Build.0 = Release|Any CPU
		{126493AE-D9D9-46D6-80AA-EB2515AF1B73}.Debug|Any CPU.ActiveCfg = Debug|Any CPU
		{126493AE-D9D9-46D6-80AA-EB2515AF1B73}.Debug|Any CPU.Build.0 = Debug|Any CPU
		{126493AE-D9D9-46D6-80AA-EB2515AF1B73}.Debug|ARM.ActiveCfg = Debug|Any CPU
		{126493AE-D9D9-46D6-80AA-EB2515AF1B73}.Debug|ARM.Build.0 = Debug|Any CPU
		{126493AE-D9D9-46D6-80AA-EB2515AF1B73}.Debug|x64.ActiveCfg = Debug|Any CPU
		{126493AE-D9D9-46D6-80AA-EB2515AF1B73}.Debug|x64.Build.0 = Debug|Any CPU
		{126493AE-D9D9-46D6-80AA-EB2515AF1B73}.Debug|x86.ActiveCfg = Debug|Any CPU
		{126493AE-D9D9-46D6-80AA-EB2515AF1B73}.Debug|x86.Build.0 = Debug|Any CPU
		{126493AE-D9D9-46D6-80AA-EB2515AF1B73}.Release|Any CPU.ActiveCfg = Release|Any CPU
		{126493AE-D9D9-46D6-80AA-EB2515AF1B73}.Release|Any CPU.Build.0 = Release|Any CPU
		{126493AE-D9D9-46D6-80AA-EB2515AF1B73}.Release|ARM.ActiveCfg = Release|Any CPU
		{126493AE-D9D9-46D6-80AA-EB2515AF1B73}.Release|ARM.Build.0 = Release|Any CPU
		{126493AE-D9D9-46D6-80AA-EB2515AF1B73}.Release|x64.ActiveCfg = Release|Any CPU
		{126493AE-D9D9-46D6-80AA-EB2515AF1B73}.Release|x64.Build.0 = Release|Any CPU
		{126493AE-D9D9-46D6-80AA-EB2515AF1B73}.Release|x86.ActiveCfg = Release|Any CPU
		{126493AE-D9D9-46D6-80AA-EB2515AF1B73}.Release|x86.Build.0 = Release|Any CPU
		{859710CF-6471-4CFA-B563-30C2ECC42C17}.Debug|Any CPU.ActiveCfg = Debug|Any CPU
		{859710CF-6471-4CFA-B563-30C2ECC42C17}.Debug|Any CPU.Build.0 = Debug|Any CPU
		{859710CF-6471-4CFA-B563-30C2ECC42C17}.Debug|ARM.ActiveCfg = Debug|Any CPU
		{859710CF-6471-4CFA-B563-30C2ECC42C17}.Debug|ARM.Build.0 = Debug|Any CPU
		{859710CF-6471-4CFA-B563-30C2ECC42C17}.Debug|x64.ActiveCfg = Debug|Any CPU
		{859710CF-6471-4CFA-B563-30C2ECC42C17}.Debug|x64.Build.0 = Debug|Any CPU
		{859710CF-6471-4CFA-B563-30C2ECC42C17}.Debug|x86.ActiveCfg = Debug|Any CPU
		{859710CF-6471-4CFA-B563-30C2ECC42C17}.Debug|x86.Build.0 = Debug|Any CPU
		{859710CF-6471-4CFA-B563-30C2ECC42C17}.Release|Any CPU.ActiveCfg = Release|Any CPU
		{859710CF-6471-4CFA-B563-30C2ECC42C17}.Release|Any CPU.Build.0 = Release|Any CPU
		{859710CF-6471-4CFA-B563-30C2ECC42C17}.Release|ARM.ActiveCfg = Release|Any CPU
		{859710CF-6471-4CFA-B563-30C2ECC42C17}.Release|ARM.Build.0 = Release|Any CPU
		{859710CF-6471-4CFA-B563-30C2ECC42C17}.Release|x64.ActiveCfg = Release|Any CPU
		{859710CF-6471-4CFA-B563-30C2ECC42C17}.Release|x64.Build.0 = Release|Any CPU
		{859710CF-6471-4CFA-B563-30C2ECC42C17}.Release|x86.ActiveCfg = Release|Any CPU
		{859710CF-6471-4CFA-B563-30C2ECC42C17}.Release|x86.Build.0 = Release|Any CPU
		{7B56B43B-C729-48CF-A3CF-36D3B752154C}.Debug|Any CPU.ActiveCfg = Debug|Any CPU
		{7B56B43B-C729-48CF-A3CF-36D3B752154C}.Debug|Any CPU.Build.0 = Debug|Any CPU
		{7B56B43B-C729-48CF-A3CF-36D3B752154C}.Debug|ARM.ActiveCfg = Debug|Any CPU
		{7B56B43B-C729-48CF-A3CF-36D3B752154C}.Debug|ARM.Build.0 = Debug|Any CPU
		{7B56B43B-C729-48CF-A3CF-36D3B752154C}.Debug|x64.ActiveCfg = Debug|Any CPU
		{7B56B43B-C729-48CF-A3CF-36D3B752154C}.Debug|x64.Build.0 = Debug|Any CPU
		{7B56B43B-C729-48CF-A3CF-36D3B752154C}.Debug|x86.ActiveCfg = Debug|Any CPU
		{7B56B43B-C729-48CF-A3CF-36D3B752154C}.Debug|x86.Build.0 = Debug|Any CPU
		{7B56B43B-C729-48CF-A3CF-36D3B752154C}.Release|Any CPU.ActiveCfg = Release|Any CPU
		{7B56B43B-C729-48CF-A3CF-36D3B752154C}.Release|Any CPU.Build.0 = Release|Any CPU
		{7B56B43B-C729-48CF-A3CF-36D3B752154C}.Release|ARM.ActiveCfg = Release|Any CPU
		{7B56B43B-C729-48CF-A3CF-36D3B752154C}.Release|ARM.Build.0 = Release|Any CPU
		{7B56B43B-C729-48CF-A3CF-36D3B752154C}.Release|x64.ActiveCfg = Release|Any CPU
		{7B56B43B-C729-48CF-A3CF-36D3B752154C}.Release|x64.Build.0 = Release|Any CPU
		{7B56B43B-C729-48CF-A3CF-36D3B752154C}.Release|x86.ActiveCfg = Release|Any CPU
		{7B56B43B-C729-48CF-A3CF-36D3B752154C}.Release|x86.Build.0 = Release|Any CPU
		{4063118A-22E2-4A16-B65C-24FFA64112FB}.Debug|Any CPU.ActiveCfg = Debug|Any CPU
		{4063118A-22E2-4A16-B65C-24FFA64112FB}.Debug|Any CPU.Build.0 = Debug|Any CPU
		{4063118A-22E2-4A16-B65C-24FFA64112FB}.Debug|ARM.ActiveCfg = Debug|Any CPU
		{4063118A-22E2-4A16-B65C-24FFA64112FB}.Debug|ARM.Build.0 = Debug|Any CPU
		{4063118A-22E2-4A16-B65C-24FFA64112FB}.Debug|x64.ActiveCfg = Debug|Any CPU
		{4063118A-22E2-4A16-B65C-24FFA64112FB}.Debug|x64.Build.0 = Debug|Any CPU
		{4063118A-22E2-4A16-B65C-24FFA64112FB}.Debug|x86.ActiveCfg = Debug|Any CPU
		{4063118A-22E2-4A16-B65C-24FFA64112FB}.Debug|x86.Build.0 = Debug|Any CPU
		{4063118A-22E2-4A16-B65C-24FFA64112FB}.Release|Any CPU.ActiveCfg = Release|Any CPU
		{4063118A-22E2-4A16-B65C-24FFA64112FB}.Release|Any CPU.Build.0 = Release|Any CPU
		{4063118A-22E2-4A16-B65C-24FFA64112FB}.Release|ARM.ActiveCfg = Release|Any CPU
		{4063118A-22E2-4A16-B65C-24FFA64112FB}.Release|ARM.Build.0 = Release|Any CPU
		{4063118A-22E2-4A16-B65C-24FFA64112FB}.Release|x64.ActiveCfg = Release|Any CPU
		{4063118A-22E2-4A16-B65C-24FFA64112FB}.Release|x64.Build.0 = Release|Any CPU
		{4063118A-22E2-4A16-B65C-24FFA64112FB}.Release|x86.ActiveCfg = Release|Any CPU
		{4063118A-22E2-4A16-B65C-24FFA64112FB}.Release|x86.Build.0 = Release|Any CPU
		{78212751-E4EA-4AE7-99B2-449D5048A186}.Debug|Any CPU.ActiveCfg = Debug|Any CPU
		{78212751-E4EA-4AE7-99B2-449D5048A186}.Debug|Any CPU.Build.0 = Debug|Any CPU
		{78212751-E4EA-4AE7-99B2-449D5048A186}.Debug|ARM.ActiveCfg = Debug|Any CPU
		{78212751-E4EA-4AE7-99B2-449D5048A186}.Debug|ARM.Build.0 = Debug|Any CPU
		{78212751-E4EA-4AE7-99B2-449D5048A186}.Debug|x64.ActiveCfg = Debug|Any CPU
		{78212751-E4EA-4AE7-99B2-449D5048A186}.Debug|x64.Build.0 = Debug|Any CPU
		{78212751-E4EA-4AE7-99B2-449D5048A186}.Debug|x86.ActiveCfg = Debug|Any CPU
		{78212751-E4EA-4AE7-99B2-449D5048A186}.Debug|x86.Build.0 = Debug|Any CPU
		{78212751-E4EA-4AE7-99B2-449D5048A186}.Release|Any CPU.ActiveCfg = Release|Any CPU
		{78212751-E4EA-4AE7-99B2-449D5048A186}.Release|Any CPU.Build.0 = Release|Any CPU
		{78212751-E4EA-4AE7-99B2-449D5048A186}.Release|ARM.ActiveCfg = Release|Any CPU
		{78212751-E4EA-4AE7-99B2-449D5048A186}.Release|ARM.Build.0 = Release|Any CPU
		{78212751-E4EA-4AE7-99B2-449D5048A186}.Release|x64.ActiveCfg = Release|Any CPU
		{78212751-E4EA-4AE7-99B2-449D5048A186}.Release|x64.Build.0 = Release|Any CPU
		{78212751-E4EA-4AE7-99B2-449D5048A186}.Release|x86.ActiveCfg = Release|Any CPU
		{78212751-E4EA-4AE7-99B2-449D5048A186}.Release|x86.Build.0 = Release|Any CPU
		{E5A73F52-AF9E-445A-8125-E63E4108BBF6}.Debug|Any CPU.ActiveCfg = Debug|Any CPU
		{E5A73F52-AF9E-445A-8125-E63E4108BBF6}.Debug|Any CPU.Build.0 = Debug|Any CPU
		{E5A73F52-AF9E-445A-8125-E63E4108BBF6}.Debug|ARM.ActiveCfg = Debug|Any CPU
		{E5A73F52-AF9E-445A-8125-E63E4108BBF6}.Debug|ARM.Build.0 = Debug|Any CPU
		{E5A73F52-AF9E-445A-8125-E63E4108BBF6}.Debug|x64.ActiveCfg = Debug|Any CPU
		{E5A73F52-AF9E-445A-8125-E63E4108BBF6}.Debug|x64.Build.0 = Debug|Any CPU
		{E5A73F52-AF9E-445A-8125-E63E4108BBF6}.Debug|x86.ActiveCfg = Debug|Any CPU
		{E5A73F52-AF9E-445A-8125-E63E4108BBF6}.Debug|x86.Build.0 = Debug|Any CPU
		{E5A73F52-AF9E-445A-8125-E63E4108BBF6}.Release|Any CPU.ActiveCfg = Release|Any CPU
		{E5A73F52-AF9E-445A-8125-E63E4108BBF6}.Release|Any CPU.Build.0 = Release|Any CPU
		{E5A73F52-AF9E-445A-8125-E63E4108BBF6}.Release|ARM.ActiveCfg = Release|Any CPU
		{E5A73F52-AF9E-445A-8125-E63E4108BBF6}.Release|ARM.Build.0 = Release|Any CPU
		{E5A73F52-AF9E-445A-8125-E63E4108BBF6}.Release|x64.ActiveCfg = Release|Any CPU
		{E5A73F52-AF9E-445A-8125-E63E4108BBF6}.Release|x64.Build.0 = Release|Any CPU
		{E5A73F52-AF9E-445A-8125-E63E4108BBF6}.Release|x86.ActiveCfg = Release|Any CPU
		{E5A73F52-AF9E-445A-8125-E63E4108BBF6}.Release|x86.Build.0 = Release|Any CPU
		{380ED3B9-328F-42DF-8FB0-EB38BAD0D928}.Debug|Any CPU.ActiveCfg = Debug|Any CPU
		{380ED3B9-328F-42DF-8FB0-EB38BAD0D928}.Debug|Any CPU.Build.0 = Debug|Any CPU
		{380ED3B9-328F-42DF-8FB0-EB38BAD0D928}.Debug|ARM.ActiveCfg = Debug|Any CPU
		{380ED3B9-328F-42DF-8FB0-EB38BAD0D928}.Debug|ARM.Build.0 = Debug|Any CPU
		{380ED3B9-328F-42DF-8FB0-EB38BAD0D928}.Debug|x64.ActiveCfg = Debug|Any CPU
		{380ED3B9-328F-42DF-8FB0-EB38BAD0D928}.Debug|x64.Build.0 = Debug|Any CPU
		{380ED3B9-328F-42DF-8FB0-EB38BAD0D928}.Debug|x86.ActiveCfg = Debug|Any CPU
		{380ED3B9-328F-42DF-8FB0-EB38BAD0D928}.Debug|x86.Build.0 = Debug|Any CPU
		{380ED3B9-328F-42DF-8FB0-EB38BAD0D928}.Release|Any CPU.ActiveCfg = Release|Any CPU
		{380ED3B9-328F-42DF-8FB0-EB38BAD0D928}.Release|Any CPU.Build.0 = Release|Any CPU
		{380ED3B9-328F-42DF-8FB0-EB38BAD0D928}.Release|ARM.ActiveCfg = Release|Any CPU
		{380ED3B9-328F-42DF-8FB0-EB38BAD0D928}.Release|ARM.Build.0 = Release|Any CPU
		{380ED3B9-328F-42DF-8FB0-EB38BAD0D928}.Release|x64.ActiveCfg = Release|Any CPU
		{380ED3B9-328F-42DF-8FB0-EB38BAD0D928}.Release|x64.Build.0 = Release|Any CPU
		{380ED3B9-328F-42DF-8FB0-EB38BAD0D928}.Release|x86.ActiveCfg = Release|Any CPU
		{380ED3B9-328F-42DF-8FB0-EB38BAD0D928}.Release|x86.Build.0 = Release|Any CPU
		{6DD71C52-4260-49BE-BB91-F65113512E0F}.Debug|Any CPU.ActiveCfg = Debug|Any CPU
		{6DD71C52-4260-49BE-BB91-F65113512E0F}.Debug|Any CPU.Build.0 = Debug|Any CPU
		{6DD71C52-4260-49BE-BB91-F65113512E0F}.Debug|ARM.ActiveCfg = Debug|Any CPU
		{6DD71C52-4260-49BE-BB91-F65113512E0F}.Debug|ARM.Build.0 = Debug|Any CPU
		{6DD71C52-4260-49BE-BB91-F65113512E0F}.Debug|x64.ActiveCfg = Debug|Any CPU
		{6DD71C52-4260-49BE-BB91-F65113512E0F}.Debug|x64.Build.0 = Debug|Any CPU
		{6DD71C52-4260-49BE-BB91-F65113512E0F}.Debug|x86.ActiveCfg = Debug|Any CPU
		{6DD71C52-4260-49BE-BB91-F65113512E0F}.Debug|x86.Build.0 = Debug|Any CPU
		{6DD71C52-4260-49BE-BB91-F65113512E0F}.Release|Any CPU.ActiveCfg = Release|Any CPU
		{6DD71C52-4260-49BE-BB91-F65113512E0F}.Release|Any CPU.Build.0 = Release|Any CPU
		{6DD71C52-4260-49BE-BB91-F65113512E0F}.Release|ARM.ActiveCfg = Release|Any CPU
		{6DD71C52-4260-49BE-BB91-F65113512E0F}.Release|ARM.Build.0 = Release|Any CPU
		{6DD71C52-4260-49BE-BB91-F65113512E0F}.Release|x64.ActiveCfg = Release|Any CPU
		{6DD71C52-4260-49BE-BB91-F65113512E0F}.Release|x64.Build.0 = Release|Any CPU
		{6DD71C52-4260-49BE-BB91-F65113512E0F}.Release|x86.ActiveCfg = Release|Any CPU
		{6DD71C52-4260-49BE-BB91-F65113512E0F}.Release|x86.Build.0 = Release|Any CPU
		{EED901BF-0590-4CAC-A389-C9724F125A2A}.Debug|Any CPU.ActiveCfg = Debug|Any CPU
		{EED901BF-0590-4CAC-A389-C9724F125A2A}.Debug|Any CPU.Build.0 = Debug|Any CPU
		{EED901BF-0590-4CAC-A389-C9724F125A2A}.Debug|ARM.ActiveCfg = Debug|Any CPU
		{EED901BF-0590-4CAC-A389-C9724F125A2A}.Debug|ARM.Build.0 = Debug|Any CPU
		{EED901BF-0590-4CAC-A389-C9724F125A2A}.Debug|x64.ActiveCfg = Debug|Any CPU
		{EED901BF-0590-4CAC-A389-C9724F125A2A}.Debug|x64.Build.0 = Debug|Any CPU
		{EED901BF-0590-4CAC-A389-C9724F125A2A}.Debug|x86.ActiveCfg = Debug|Any CPU
		{EED901BF-0590-4CAC-A389-C9724F125A2A}.Debug|x86.Build.0 = Debug|Any CPU
		{EED901BF-0590-4CAC-A389-C9724F125A2A}.Release|Any CPU.ActiveCfg = Release|Any CPU
		{EED901BF-0590-4CAC-A389-C9724F125A2A}.Release|Any CPU.Build.0 = Release|Any CPU
		{EED901BF-0590-4CAC-A389-C9724F125A2A}.Release|ARM.ActiveCfg = Release|Any CPU
		{EED901BF-0590-4CAC-A389-C9724F125A2A}.Release|ARM.Build.0 = Release|Any CPU
		{EED901BF-0590-4CAC-A389-C9724F125A2A}.Release|x64.ActiveCfg = Release|Any CPU
		{EED901BF-0590-4CAC-A389-C9724F125A2A}.Release|x64.Build.0 = Release|Any CPU
		{EED901BF-0590-4CAC-A389-C9724F125A2A}.Release|x86.ActiveCfg = Release|Any CPU
		{EED901BF-0590-4CAC-A389-C9724F125A2A}.Release|x86.Build.0 = Release|Any CPU
		{058B1A75-C726-489B-8914-C1DD6C10EBB9}.Debug|Any CPU.ActiveCfg = Debug|Any CPU
		{058B1A75-C726-489B-8914-C1DD6C10EBB9}.Debug|Any CPU.Build.0 = Debug|Any CPU
		{058B1A75-C726-489B-8914-C1DD6C10EBB9}.Debug|ARM.ActiveCfg = Debug|Any CPU
		{058B1A75-C726-489B-8914-C1DD6C10EBB9}.Debug|ARM.Build.0 = Debug|Any CPU
		{058B1A75-C726-489B-8914-C1DD6C10EBB9}.Debug|x64.ActiveCfg = Debug|Any CPU
		{058B1A75-C726-489B-8914-C1DD6C10EBB9}.Debug|x64.Build.0 = Debug|Any CPU
		{058B1A75-C726-489B-8914-C1DD6C10EBB9}.Debug|x86.ActiveCfg = Debug|Any CPU
		{058B1A75-C726-489B-8914-C1DD6C10EBB9}.Debug|x86.Build.0 = Debug|Any CPU
		{058B1A75-C726-489B-8914-C1DD6C10EBB9}.Release|Any CPU.ActiveCfg = Release|Any CPU
		{058B1A75-C726-489B-8914-C1DD6C10EBB9}.Release|Any CPU.Build.0 = Release|Any CPU
		{058B1A75-C726-489B-8914-C1DD6C10EBB9}.Release|ARM.ActiveCfg = Release|Any CPU
		{058B1A75-C726-489B-8914-C1DD6C10EBB9}.Release|ARM.Build.0 = Release|Any CPU
		{058B1A75-C726-489B-8914-C1DD6C10EBB9}.Release|x64.ActiveCfg = Release|Any CPU
		{058B1A75-C726-489B-8914-C1DD6C10EBB9}.Release|x64.Build.0 = Release|Any CPU
		{058B1A75-C726-489B-8914-C1DD6C10EBB9}.Release|x86.ActiveCfg = Release|Any CPU
		{058B1A75-C726-489B-8914-C1DD6C10EBB9}.Release|x86.Build.0 = Release|Any CPU
		{F9FEAA7E-597C-4088-9406-7FDB3F838BC3}.Debug|Any CPU.ActiveCfg = Debug|Any CPU
		{F9FEAA7E-597C-4088-9406-7FDB3F838BC3}.Debug|Any CPU.Build.0 = Debug|Any CPU
		{F9FEAA7E-597C-4088-9406-7FDB3F838BC3}.Debug|ARM.ActiveCfg = Debug|Any CPU
		{F9FEAA7E-597C-4088-9406-7FDB3F838BC3}.Debug|ARM.Build.0 = Debug|Any CPU
		{F9FEAA7E-597C-4088-9406-7FDB3F838BC3}.Debug|x64.ActiveCfg = Debug|Any CPU
		{F9FEAA7E-597C-4088-9406-7FDB3F838BC3}.Debug|x64.Build.0 = Debug|Any CPU
		{F9FEAA7E-597C-4088-9406-7FDB3F838BC3}.Debug|x86.ActiveCfg = Debug|Any CPU
		{F9FEAA7E-597C-4088-9406-7FDB3F838BC3}.Debug|x86.Build.0 = Debug|Any CPU
		{F9FEAA7E-597C-4088-9406-7FDB3F838BC3}.Release|Any CPU.ActiveCfg = Release|Any CPU
		{F9FEAA7E-597C-4088-9406-7FDB3F838BC3}.Release|Any CPU.Build.0 = Release|Any CPU
		{F9FEAA7E-597C-4088-9406-7FDB3F838BC3}.Release|ARM.ActiveCfg = Release|Any CPU
		{F9FEAA7E-597C-4088-9406-7FDB3F838BC3}.Release|ARM.Build.0 = Release|Any CPU
		{F9FEAA7E-597C-4088-9406-7FDB3F838BC3}.Release|x64.ActiveCfg = Release|Any CPU
		{F9FEAA7E-597C-4088-9406-7FDB3F838BC3}.Release|x64.Build.0 = Release|Any CPU
		{F9FEAA7E-597C-4088-9406-7FDB3F838BC3}.Release|x86.ActiveCfg = Release|Any CPU
		{F9FEAA7E-597C-4088-9406-7FDB3F838BC3}.Release|x86.Build.0 = Release|Any CPU
		{06C6190C-8772-4AA8-9761-9B33790B067C}.Debug|Any CPU.ActiveCfg = Debug|Any CPU
		{06C6190C-8772-4AA8-9761-9B33790B067C}.Debug|Any CPU.Build.0 = Debug|Any CPU
		{06C6190C-8772-4AA8-9761-9B33790B067C}.Debug|ARM.ActiveCfg = Debug|Any CPU
		{06C6190C-8772-4AA8-9761-9B33790B067C}.Debug|ARM.Build.0 = Debug|Any CPU
		{06C6190C-8772-4AA8-9761-9B33790B067C}.Debug|x64.ActiveCfg = Debug|Any CPU
		{06C6190C-8772-4AA8-9761-9B33790B067C}.Debug|x64.Build.0 = Debug|Any CPU
		{06C6190C-8772-4AA8-9761-9B33790B067C}.Debug|x86.ActiveCfg = Debug|Any CPU
		{06C6190C-8772-4AA8-9761-9B33790B067C}.Debug|x86.Build.0 = Debug|Any CPU
		{06C6190C-8772-4AA8-9761-9B33790B067C}.Release|Any CPU.ActiveCfg = Release|Any CPU
		{06C6190C-8772-4AA8-9761-9B33790B067C}.Release|Any CPU.Build.0 = Release|Any CPU
		{06C6190C-8772-4AA8-9761-9B33790B067C}.Release|ARM.ActiveCfg = Release|Any CPU
		{06C6190C-8772-4AA8-9761-9B33790B067C}.Release|ARM.Build.0 = Release|Any CPU
		{06C6190C-8772-4AA8-9761-9B33790B067C}.Release|x64.ActiveCfg = Release|Any CPU
		{06C6190C-8772-4AA8-9761-9B33790B067C}.Release|x64.Build.0 = Release|Any CPU
		{06C6190C-8772-4AA8-9761-9B33790B067C}.Release|x86.ActiveCfg = Release|Any CPU
		{06C6190C-8772-4AA8-9761-9B33790B067C}.Release|x86.Build.0 = Release|Any CPU
	EndGlobalSection
	GlobalSection(SolutionProperties) = preSolution
		HideSolutionNode = FALSE
	EndGlobalSection
	GlobalSection(NestedProjects) = preSolution
		{717EAA1A-60A7-49B0-8E9B-7B7A3B5C8F3C} = {E5B460BD-9B22-430F-B64D-1E89F1FD8CBC}
		{EC449DF6-26FE-4073-BF59-1B68E002B497} = {32F5E4C7-3E0B-407D-A954-C3684F59B792}
		{1FF35CA6-D576-47A0-A22D-90E1662D527A} = {32F5E4C7-3E0B-407D-A954-C3684F59B792}
		{04F4B81E-70C4-43DD-82D8-185A885CE625} = {E5B460BD-9B22-430F-B64D-1E89F1FD8CBC}
		{7B914FD1-BBE0-4824-9517-FC64E24E7CED} = {E5B460BD-9B22-430F-B64D-1E89F1FD8CBC}
		{7C62BC2B-CFF9-4869-AE95-6395C138C2D1} = {E5B460BD-9B22-430F-B64D-1E89F1FD8CBC}
		{E581C239-CC2D-40D2-BC4E-AE7E8C96B447} = {E5B460BD-9B22-430F-B64D-1E89F1FD8CBC}
		{DF37A34A-FBE7-48C1-A64C-71444E2F8A2F} = {32F5E4C7-3E0B-407D-A954-C3684F59B792}
		{6A88F3CC-8EC7-4ED7-A52C-22D17E5884C0} = {32F5E4C7-3E0B-407D-A954-C3684F59B792}
		{9810855F-F0C6-4ADE-A22B-A89C73E21CF5} = {32F5E4C7-3E0B-407D-A954-C3684F59B792}
		{1F103F14-9F18-459E-93D8-56D04B57873C} = {32F5E4C7-3E0B-407D-A954-C3684F59B792}
		{BAF0DC7C-3A9F-4874-8343-848E1549B1B9} = {32F5E4C7-3E0B-407D-A954-C3684F59B792}
		{47EBAE62-6724-4A96-9B5C-5C85A849B14F} = {CD4689BE-258F-45C0-8B69-46A1B71E894A}
		{9E57F855-6B32-4C4A-89F4-656E8AFDBF47} = {CD4689BE-258F-45C0-8B69-46A1B71E894A}
		{B8EE3D3D-B60E-4DFC-80E0-14CFD503A81E} = {CD4689BE-258F-45C0-8B69-46A1B71E894A}
		{833F017E-E0B9-4B34-BFDF-3F29D54D54D4} = {CD4689BE-258F-45C0-8B69-46A1B71E894A}
		{F68DB224-7A19-4272-B6C1-144653782DD4} = {CD4689BE-258F-45C0-8B69-46A1B71E894A}
		{A3056717-5D16-4954-80D6-2C1B07AFD2D1} = {CD4689BE-258F-45C0-8B69-46A1B71E894A}
		{BC384A81-6EC7-4EDB-8C3D-D4E0616C351E} = {69187C1C-444C-4D2B-8D55-5973526542A7}
		{C4EF060A-4CF2-42C4-A881-6565670D0ADF} = {69187C1C-444C-4D2B-8D55-5973526542A7}
		{17EFEB46-15B9-4829-972D-99543AE82B7D} = {2E248E32-42EC-41FA-BCB5-57FEAFC832E8}
		{4C4B74B2-90BD-43BC-98E2-BE4B4CD0F821} = {2E248E32-42EC-41FA-BCB5-57FEAFC832E8}
		{EB1FCFA5-D4E0-4CCB-9E4F-A89B98275CF4} = {2E248E32-42EC-41FA-BCB5-57FEAFC832E8}
		{1DFFBCE1-55E5-4261-80A3-DD6B34ECBF90} = {2E248E32-42EC-41FA-BCB5-57FEAFC832E8}
		{BD2979B1-D323-4F77-B81E-6C591FDD6C08} = {2E248E32-42EC-41FA-BCB5-57FEAFC832E8}
		{71FABA78-C30E-426E-BA03-03CDFB7237FD} = {5BBEB3D1-1531-49D7-B043-295B1B8CC55D}
		{BE8D0985-8B1D-4008-B51E-127C4082B527} = {5BBEB3D1-1531-49D7-B043-295B1B8CC55D}
		{126493AE-D9D9-46D6-80AA-EB2515AF1B73} = {5BBEB3D1-1531-49D7-B043-295B1B8CC55D}
		{859710CF-6471-4CFA-B563-30C2ECC42C17} = {5BBEB3D1-1531-49D7-B043-295B1B8CC55D}
		{7B56B43B-C729-48CF-A3CF-36D3B752154C} = {5BBEB3D1-1531-49D7-B043-295B1B8CC55D}
		{4063118A-22E2-4A16-B65C-24FFA64112FB} = {B1D5EB98-83AB-4EE8-89EF-F725B56FDCA2}
		{8A536B3F-4762-425D-8232-F8ECC24367C7} = {783472FD-0191-4E6F-8471-E0812C02BD9B}
		{63203C23-94E4-42BD-BD8D-4313161AAC28} = {783472FD-0191-4E6F-8471-E0812C02BD9B}
		{78212751-E4EA-4AE7-99B2-449D5048A186} = {8A536B3F-4762-425D-8232-F8ECC24367C7}
		{E5A73F52-AF9E-445A-8125-E63E4108BBF6} = {8A536B3F-4762-425D-8232-F8ECC24367C7}
		{380ED3B9-328F-42DF-8FB0-EB38BAD0D928} = {8A536B3F-4762-425D-8232-F8ECC24367C7}
		{6DD71C52-4260-49BE-BB91-F65113512E0F} = {8A536B3F-4762-425D-8232-F8ECC24367C7}
		{EED901BF-0590-4CAC-A389-C9724F125A2A} = {63203C23-94E4-42BD-BD8D-4313161AAC28}
		{058B1A75-C726-489B-8914-C1DD6C10EBB9} = {63203C23-94E4-42BD-BD8D-4313161AAC28}
		{F9FEAA7E-597C-4088-9406-7FDB3F838BC3} = {63203C23-94E4-42BD-BD8D-4313161AAC28}
		{06C6190C-8772-4AA8-9761-9B33790B067C} = {63203C23-94E4-42BD-BD8D-4313161AAC28}
	EndGlobalSection
EndGlobal
