
Microsoft Visual Studio Solution File, Format Version 12.00
# Visual Studio 14
VisualStudioVersion = 14.0.24720.0
MinimumVisualStudioVersion = 10.0.40219.1
Project("{2150E333-8FDC-42A3-9474-1A3956D46DE8}") = "Solution Items", "Solution Items", "{7E293999-C6BE-43D4-9FFB-29647B2315FA}"
	ProjectSection(SolutionItems) = preProject
		README.md = README.md
	EndProjectSection
EndProject
Project("{FAE04EC0-301F-11D3-BF4B-00C04F79EFBC}") = "Worksheet1", "Worksheet1.1\Worksheet1.csproj", "{717EAA1A-60A7-49B0-8E9B-7B7A3B5C8F3C}"
EndProject
Project("{FAE04EC0-301F-11D3-BF4B-00C04F79EFBC}") = "Worksheet1-Extra1", "Worksheet1-Extra1\Worksheet1-Extra1.csproj", "{EC449DF6-26FE-4073-BF59-1B68E002B497}"
EndProject
Project("{FAE04EC0-301F-11D3-BF4B-00C04F79EFBC}") = "Worksheet1-Extra2", "Worksheet1-Extra2\Worksheet1-Extra2.csproj", "{1FF35CA6-D576-47A0-A22D-90E1662D527A}"
EndProject
Project("{FAE04EC0-301F-11D3-BF4B-00C04F79EFBC}") = "Worksheet1-2-Client", "Worksheet1-2-Client\Worksheet1-2-Client.csproj", "{04F4B81E-70C4-43DD-82D8-185A885CE625}"
EndProject
Project("{FAE04EC0-301F-11D3-BF4B-00C04F79EFBC}") = "Worksheet1-2-Server", "Worksheet1-2-Server\Worksheet1-2-Server.csproj", "{7B914FD1-BBE0-4824-9517-FC64E24E7CED}"
EndProject
Project("{FAE04EC0-301F-11D3-BF4B-00C04F79EFBC}") = "Worksheet1-3-Client", "Worksheet1-3-Client\Worksheet1-3-Client.csproj", "{7C62BC2B-CFF9-4869-AE95-6395C138C2D1}"
EndProject
Project("{FAE04EC0-301F-11D3-BF4B-00C04F79EFBC}") = "Worksheet1-3-Server", "Worksheet1-3-Server\Worksheet1-3-Server.csproj", "{E581C239-CC2D-40D2-BC4E-AE7E8C96B447}"
EndProject
Project("{2150E333-8FDC-42A3-9474-1A3956D46DE8}") = "EI SI Libs", "EI SI Libs", "{85B178AD-5983-4F7F-B5C0-BA5C0B748F3E}"
	ProjectSection(SolutionItems) = preProject
		EI.SI.libs\Help-ProtocolSI.chm = EI.SI.libs\Help-ProtocolSI.chm
		EI.SI.libs\ProtocolSI.dll = EI.SI.libs\ProtocolSI.dll
		EI.SI.libs\SymmetricsSI.dll = EI.SI.libs\SymmetricsSI.dll
	EndProjectSection
EndProject
Project("{2150E333-8FDC-42A3-9474-1A3956D46DE8}") = "Worksheet 1", "Worksheet 1", "{E5B460BD-9B22-430F-B64D-1E89F1FD8CBC}"
EndProject
Project("{2150E333-8FDC-42A3-9474-1A3956D46DE8}") = "Worksheet 1 Extras", "Worksheet 1 Extras", "{32F5E4C7-3E0B-407D-A954-C3684F59B792}"
EndProject
Project("{FAE04EC0-301F-11D3-BF4B-00C04F79EFBC}") = "Worksheet1-3-Extra-Client", "Worksheet1-3-Extra-Client\Worksheet1-3-Extra-Client.csproj", "{DF37A34A-FBE7-48C1-A64C-71444E2F8A2F}"
EndProject
Project("{FAE04EC0-301F-11D3-BF4B-00C04F79EFBC}") = "Worksheet1-3-Extra-Server", "Worksheet1-3-Extra-Server\Worksheet1-3-Extra-Server.csproj", "{6A88F3CC-8EC7-4ED7-A52C-22D17E5884C0}"
EndProject
Project("{FAE04EC0-301F-11D3-BF4B-00C04F79EFBC}") = "Worksheet1-3-Extra-MITM", "Worksheet1-3-Extra-MITM\Worksheet1-3-Extra-MITM.csproj", "{9810855F-F0C6-4ADE-A22B-A89C73E21CF5}"
EndProject
Project("{FAE04EC0-301F-11D3-BF4B-00C04F79EFBC}") = "Worksheet1-2-Extra-Client", "Worksheet1-2-Extra-Client\Worksheet1-2-Extra-Client.csproj", "{1F103F14-9F18-459E-93D8-56D04B57873C}"
EndProject
Project("{FAE04EC0-301F-11D3-BF4B-00C04F79EFBC}") = "Worksheet1-2-Extra-Server", "Worksheet1-2-Extra-Server\Worksheet1-2-Extra-Server.csproj", "{BAF0DC7C-3A9F-4874-8343-848E1549B1B9}"
EndProject
Project("{2150E333-8FDC-42A3-9474-1A3956D46DE8}") = "Worksheet 2", "Worksheet 2", "{CD4689BE-258F-45C0-8B69-46A1B71E894A}"
EndProject
Project("{2150E333-8FDC-42A3-9474-1A3956D46DE8}") = "Worksheet 2 Extras", "Worksheet 2 Extras", "{69187C1C-444C-4D2B-8D55-5973526542A7}"
EndProject
Project("{FAE04EC0-301F-11D3-BF4B-00C04F79EFBC}") = "Exercise1.1", "Worksheet2-Exercise1\Exercise1.1.csproj", "{47EBAE62-6724-4A96-9B5C-5C85A849B14F}"
EndProject
Project("{FAE04EC0-301F-11D3-BF4B-00C04F79EFBC}") = "Exercise1.2", "Worksheet2-Exercise1.2\Exercise1.2.csproj", "{9E57F855-6B32-4C4A-89F4-656E8AFDBF47}"
EndProject
Project("{FAE04EC0-301F-11D3-BF4B-00C04F79EFBC}") = "Exercise2.1.Client", "Worksheet2-Exercise2.1.Client\Exercise2.1.Client.csproj", "{B8EE3D3D-B60E-4DFC-80E0-14CFD503A81E}"
EndProject
Project("{FAE04EC0-301F-11D3-BF4B-00C04F79EFBC}") = "Exercise2.1.Server", "Worksheet2-Exercise2.1.Server\Exercise2.1.Server.csproj", "{833F017E-E0B9-4B34-BFDF-3F29D54D54D4}"
EndProject
Project("{FAE04EC0-301F-11D3-BF4B-00C04F79EFBC}") = "Exercise2.2.Client", "Worksheet2-Exercise2.2.Client\Exercise2.2.Client.csproj", "{F68DB224-7A19-4272-B6C1-144653782DD4}"
EndProject
Project("{FAE04EC0-301F-11D3-BF4B-00C04F79EFBC}") = "Exercise2.2.Server", "Worksheet2-Exercise2.2.Server\Exercise2.2.Server.csproj", "{A3056717-5D16-4954-80D6-2C1B07AFD2D1}"
EndProject
Project("{FAE04EC0-301F-11D3-BF4B-00C04F79EFBC}") = "Exercise1.2.EXTRA.1", "Worksheet2-Exercise1.2.EXTRA.1\Exercise1.2.EXTRA.1.csproj", "{BC384A81-6EC7-4EDB-8C3D-D4E0616C351E}"
EndProject
Project("{FAE04EC0-301F-11D3-BF4B-00C04F79EFBC}") = "Exercise1.2.EXTRA.2", "Worksheet2-Exercise1.2.EXTRA.2\Worksheet2-1-ExtraUA\Exercise1.2.EXTRA.2.csproj", "{C4EF060A-4CF2-42C4-A881-6565670D0ADF}"
EndProject
Global
	GlobalSection(SolutionConfigurationPlatforms) = preSolution
		Debug|Any CPU = Debug|Any CPU
		Debug|ARM = Debug|ARM
		Debug|x64 = Debug|x64
		Debug|x86 = Debug|x86
		Release|Any CPU = Release|Any CPU
		Release|ARM = Release|ARM
		Release|x64 = Release|x64
		Release|x86 = Release|x86
	EndGlobalSection
	GlobalSection(ProjectConfigurationPlatforms) = postSolution
		{717EAA1A-60A7-49B0-8E9B-7B7A3B5C8F3C}.Debug|Any CPU.ActiveCfg = Debug|Any CPU
		{717EAA1A-60A7-49B0-8E9B-7B7A3B5C8F3C}.Debug|Any CPU.Build.0 = Debug|Any CPU
		{717EAA1A-60A7-49B0-8E9B-7B7A3B5C8F3C}.Debug|ARM.ActiveCfg = Debug|Any CPU
		{717EAA1A-60A7-49B0-8E9B-7B7A3B5C8F3C}.Debug|ARM.Build.0 = Debug|Any CPU
		{717EAA1A-60A7-49B0-8E9B-7B7A3B5C8F3C}.Debug|x64.ActiveCfg = Debug|Any CPU
		{717EAA1A-60A7-49B0-8E9B-7B7A3B5C8F3C}.Debug|x64.Build.0 = Debug|Any CPU
		{717EAA1A-60A7-49B0-8E9B-7B7A3B5C8F3C}.Debug|x86.ActiveCfg = Debug|Any CPU
		{717EAA1A-60A7-49B0-8E9B-7B7A3B5C8F3C}.Debug|x86.Build.0 = Debug|Any CPU
		{717EAA1A-60A7-49B0-8E9B-7B7A3B5C8F3C}.Release|Any CPU.ActiveCfg = Release|Any CPU
		{717EAA1A-60A7-49B0-8E9B-7B7A3B5C8F3C}.Release|Any CPU.Build.0 = Release|Any CPU
		{717EAA1A-60A7-49B0-8E9B-7B7A3B5C8F3C}.Release|ARM.ActiveCfg = Release|Any CPU
		{717EAA1A-60A7-49B0-8E9B-7B7A3B5C8F3C}.Release|ARM.Build.0 = Release|Any CPU
		{717EAA1A-60A7-49B0-8E9B-7B7A3B5C8F3C}.Release|x64.ActiveCfg = Release|Any CPU
		{717EAA1A-60A7-49B0-8E9B-7B7A3B5C8F3C}.Release|x64.Build.0 = Release|Any CPU
		{717EAA1A-60A7-49B0-8E9B-7B7A3B5C8F3C}.Release|x86.ActiveCfg = Release|Any CPU
		{717EAA1A-60A7-49B0-8E9B-7B7A3B5C8F3C}.Release|x86.Build.0 = Release|Any CPU
		{EC449DF6-26FE-4073-BF59-1B68E002B497}.Debug|Any CPU.ActiveCfg = Debug|Any CPU
		{EC449DF6-26FE-4073-BF59-1B68E002B497}.Debug|Any CPU.Build.0 = Debug|Any CPU
		{EC449DF6-26FE-4073-BF59-1B68E002B497}.Debug|ARM.ActiveCfg = Debug|Any CPU
		{EC449DF6-26FE-4073-BF59-1B68E002B497}.Debug|ARM.Build.0 = Debug|Any CPU
		{EC449DF6-26FE-4073-BF59-1B68E002B497}.Debug|x64.ActiveCfg = Debug|Any CPU
		{EC449DF6-26FE-4073-BF59-1B68E002B497}.Debug|x64.Build.0 = Debug|Any CPU
		{EC449DF6-26FE-4073-BF59-1B68E002B497}.Debug|x86.ActiveCfg = Debug|Any CPU
		{EC449DF6-26FE-4073-BF59-1B68E002B497}.Debug|x86.Build.0 = Debug|Any CPU
		{EC449DF6-26FE-4073-BF59-1B68E002B497}.Release|Any CPU.ActiveCfg = Release|Any CPU
		{EC449DF6-26FE-4073-BF59-1B68E002B497}.Release|Any CPU.Build.0 = Release|Any CPU
		{EC449DF6-26FE-4073-BF59-1B68E002B497}.Release|ARM.ActiveCfg = Release|Any CPU
		{EC449DF6-26FE-4073-BF59-1B68E002B497}.Release|ARM.Build.0 = Release|Any CPU
		{EC449DF6-26FE-4073-BF59-1B68E002B497}.Release|x64.ActiveCfg = Release|Any CPU
		{EC449DF6-26FE-4073-BF59-1B68E002B497}.Release|x64.Build.0 = Release|Any CPU
		{EC449DF6-26FE-4073-BF59-1B68E002B497}.Release|x86.ActiveCfg = Release|Any CPU
		{EC449DF6-26FE-4073-BF59-1B68E002B497}.Release|x86.Build.0 = Release|Any CPU
		{1FF35CA6-D576-47A0-A22D-90E1662D527A}.Debug|Any CPU.ActiveCfg = Debug|Any CPU
		{1FF35CA6-D576-47A0-A22D-90E1662D527A}.Debug|Any CPU.Build.0 = Debug|Any CPU
		{1FF35CA6-D576-47A0-A22D-90E1662D527A}.Debug|ARM.ActiveCfg = Debug|Any CPU
		{1FF35CA6-D576-47A0-A22D-90E1662D527A}.Debug|ARM.Build.0 = Debug|Any CPU
		{1FF35CA6-D576-47A0-A22D-90E1662D527A}.Debug|x64.ActiveCfg = Debug|Any CPU
		{1FF35CA6-D576-47A0-A22D-90E1662D527A}.Debug|x64.Build.0 = Debug|Any CPU
		{1FF35CA6-D576-47A0-A22D-90E1662D527A}.Debug|x86.ActiveCfg = Debug|Any CPU
		{1FF35CA6-D576-47A0-A22D-90E1662D527A}.Debug|x86.Build.0 = Debug|Any CPU
		{1FF35CA6-D576-47A0-A22D-90E1662D527A}.Release|Any CPU.ActiveCfg = Release|Any CPU
		{1FF35CA6-D576-47A0-A22D-90E1662D527A}.Release|Any CPU.Build.0 = Release|Any CPU
		{1FF35CA6-D576-47A0-A22D-90E1662D527A}.Release|ARM.ActiveCfg = Release|Any CPU
		{1FF35CA6-D576-47A0-A22D-90E1662D527A}.Release|ARM.Build.0 = Release|Any CPU
		{1FF35CA6-D576-47A0-A22D-90E1662D527A}.Release|x64.ActiveCfg = Release|Any CPU
		{1FF35CA6-D576-47A0-A22D-90E1662D527A}.Release|x64.Build.0 = Release|Any CPU
		{1FF35CA6-D576-47A0-A22D-90E1662D527A}.Release|x86.ActiveCfg = Release|Any CPU
		{1FF35CA6-D576-47A0-A22D-90E1662D527A}.Release|x86.Build.0 = Release|Any CPU
		{04F4B81E-70C4-43DD-82D8-185A885CE625}.Debug|Any CPU.ActiveCfg = Debug|Any CPU
		{04F4B81E-70C4-43DD-82D8-185A885CE625}.Debug|Any CPU.Build.0 = Debug|Any CPU
		{04F4B81E-70C4-43DD-82D8-185A885CE625}.Debug|ARM.ActiveCfg = Debug|Any CPU
		{04F4B81E-70C4-43DD-82D8-185A885CE625}.Debug|ARM.Build.0 = Debug|Any CPU
		{04F4B81E-70C4-43DD-82D8-185A885CE625}.Debug|x64.ActiveCfg = Debug|Any CPU
		{04F4B81E-70C4-43DD-82D8-185A885CE625}.Debug|x64.Build.0 = Debug|Any CPU
		{04F4B81E-70C4-43DD-82D8-185A885CE625}.Debug|x86.ActiveCfg = Debug|Any CPU
		{04F4B81E-70C4-43DD-82D8-185A885CE625}.Debug|x86.Build.0 = Debug|Any CPU
		{04F4B81E-70C4-43DD-82D8-185A885CE625}.Release|Any CPU.ActiveCfg = Release|Any CPU
		{04F4B81E-70C4-43DD-82D8-185A885CE625}.Release|Any CPU.Build.0 = Release|Any CPU
		{04F4B81E-70C4-43DD-82D8-185A885CE625}.Release|ARM.ActiveCfg = Release|Any CPU
		{04F4B81E-70C4-43DD-82D8-185A885CE625}.Release|ARM.Build.0 = Release|Any CPU
		{04F4B81E-70C4-43DD-82D8-185A885CE625}.Release|x64.ActiveCfg = Release|Any CPU
		{04F4B81E-70C4-43DD-82D8-185A885CE625}.Release|x64.Build.0 = Release|Any CPU
		{04F4B81E-70C4-43DD-82D8-185A885CE625}.Release|x86.ActiveCfg = Release|Any CPU
		{04F4B81E-70C4-43DD-82D8-185A885CE625}.Release|x86.Build.0 = Release|Any CPU
		{7B914FD1-BBE0-4824-9517-FC64E24E7CED}.Debug|Any CPU.ActiveCfg = Debug|Any CPU
		{7B914FD1-BBE0-4824-9517-FC64E24E7CED}.Debug|Any CPU.Build.0 = Debug|Any CPU
		{7B914FD1-BBE0-4824-9517-FC64E24E7CED}.Debug|ARM.ActiveCfg = Debug|Any CPU
		{7B914FD1-BBE0-4824-9517-FC64E24E7CED}.Debug|ARM.Build.0 = Debug|Any CPU
		{7B914FD1-BBE0-4824-9517-FC64E24E7CED}.Debug|x64.ActiveCfg = Debug|Any CPU
		{7B914FD1-BBE0-4824-9517-FC64E24E7CED}.Debug|x64.Build.0 = Debug|Any CPU
		{7B914FD1-BBE0-4824-9517-FC64E24E7CED}.Debug|x86.ActiveCfg = Debug|Any CPU
		{7B914FD1-BBE0-4824-9517-FC64E24E7CED}.Debug|x86.Build.0 = Debug|Any CPU
		{7B914FD1-BBE0-4824-9517-FC64E24E7CED}.Release|Any CPU.ActiveCfg = Release|Any CPU
		{7B914FD1-BBE0-4824-9517-FC64E24E7CED}.Release|Any CPU.Build.0 = Release|Any CPU
		{7B914FD1-BBE0-4824-9517-FC64E24E7CED}.Release|ARM.ActiveCfg = Release|Any CPU
		{7B914FD1-BBE0-4824-9517-FC64E24E7CED}.Release|ARM.Build.0 = Release|Any CPU
		{7B914FD1-BBE0-4824-9517-FC64E24E7CED}.Release|x64.ActiveCfg = Release|Any CPU
		{7B914FD1-BBE0-4824-9517-FC64E24E7CED}.Release|x64.Build.0 = Release|Any CPU
		{7B914FD1-BBE0-4824-9517-FC64E24E7CED}.Release|x86.ActiveCfg = Release|Any CPU
		{7B914FD1-BBE0-4824-9517-FC64E24E7CED}.Release|x86.Build.0 = Release|Any CPU
		{7C62BC2B-CFF9-4869-AE95-6395C138C2D1}.Debug|Any CPU.ActiveCfg = Debug|Any CPU
		{7C62BC2B-CFF9-4869-AE95-6395C138C2D1}.Debug|Any CPU.Build.0 = Debug|Any CPU
		{7C62BC2B-CFF9-4869-AE95-6395C138C2D1}.Debug|ARM.ActiveCfg = Debug|Any CPU
		{7C62BC2B-CFF9-4869-AE95-6395C138C2D1}.Debug|ARM.Build.0 = Debug|Any CPU
		{7C62BC2B-CFF9-4869-AE95-6395C138C2D1}.Debug|x64.ActiveCfg = Debug|Any CPU
		{7C62BC2B-CFF9-4869-AE95-6395C138C2D1}.Debug|x64.Build.0 = Debug|Any CPU
		{7C62BC2B-CFF9-4869-AE95-6395C138C2D1}.Debug|x86.ActiveCfg = Debug|Any CPU
		{7C62BC2B-CFF9-4869-AE95-6395C138C2D1}.Debug|x86.Build.0 = Debug|Any CPU
		{7C62BC2B-CFF9-4869-AE95-6395C138C2D1}.Release|Any CPU.ActiveCfg = Release|Any CPU
		{7C62BC2B-CFF9-4869-AE95-6395C138C2D1}.Release|Any CPU.Build.0 = Release|Any CPU
		{7C62BC2B-CFF9-4869-AE95-6395C138C2D1}.Release|ARM.ActiveCfg = Release|Any CPU
		{7C62BC2B-CFF9-4869-AE95-6395C138C2D1}.Release|ARM.Build.0 = Release|Any CPU
		{7C62BC2B-CFF9-4869-AE95-6395C138C2D1}.Release|x64.ActiveCfg = Release|Any CPU
		{7C62BC2B-CFF9-4869-AE95-6395C138C2D1}.Release|x64.Build.0 = Release|Any CPU
		{7C62BC2B-CFF9-4869-AE95-6395C138C2D1}.Release|x86.ActiveCfg = Release|Any CPU
		{7C62BC2B-CFF9-4869-AE95-6395C138C2D1}.Release|x86.Build.0 = Release|Any CPU
		{E581C239-CC2D-40D2-BC4E-AE7E8C96B447}.Debug|Any CPU.ActiveCfg = Debug|Any CPU
		{E581C239-CC2D-40D2-BC4E-AE7E8C96B447}.Debug|Any CPU.Build.0 = Debug|Any CPU
		{E581C239-CC2D-40D2-BC4E-AE7E8C96B447}.Debug|ARM.ActiveCfg = Debug|Any CPU
		{E581C239-CC2D-40D2-BC4E-AE7E8C96B447}.Debug|ARM.Build.0 = Debug|Any CPU
		{E581C239-CC2D-40D2-BC4E-AE7E8C96B447}.Debug|x64.ActiveCfg = Debug|Any CPU
		{E581C239-CC2D-40D2-BC4E-AE7E8C96B447}.Debug|x64.Build.0 = Debug|Any CPU
		{E581C239-CC2D-40D2-BC4E-AE7E8C96B447}.Debug|x86.ActiveCfg = Debug|Any CPU
		{E581C239-CC2D-40D2-BC4E-AE7E8C96B447}.Debug|x86.Build.0 = Debug|Any CPU
		{E581C239-CC2D-40D2-BC4E-AE7E8C96B447}.Release|Any CPU.ActiveCfg = Release|Any CPU
		{E581C239-CC2D-40D2-BC4E-AE7E8C96B447}.Release|Any CPU.Build.0 = Release|Any CPU
		{E581C239-CC2D-40D2-BC4E-AE7E8C96B447}.Release|ARM.ActiveCfg = Release|Any CPU
		{E581C239-CC2D-40D2-BC4E-AE7E8C96B447}.Release|ARM.Build.0 = Release|Any CPU
		{E581C239-CC2D-40D2-BC4E-AE7E8C96B447}.Release|x64.ActiveCfg = Release|Any CPU
		{E581C239-CC2D-40D2-BC4E-AE7E8C96B447}.Release|x64.Build.0 = Release|Any CPU
		{E581C239-CC2D-40D2-BC4E-AE7E8C96B447}.Release|x86.ActiveCfg = Release|Any CPU
		{E581C239-CC2D-40D2-BC4E-AE7E8C96B447}.Release|x86.Build.0 = Release|Any CPU
		{DF37A34A-FBE7-48C1-A64C-71444E2F8A2F}.Debug|Any CPU.ActiveCfg = Debug|Any CPU
		{DF37A34A-FBE7-48C1-A64C-71444E2F8A2F}.Debug|Any CPU.Build.0 = Debug|Any CPU
		{DF37A34A-FBE7-48C1-A64C-71444E2F8A2F}.Debug|ARM.ActiveCfg = Debug|Any CPU
		{DF37A34A-FBE7-48C1-A64C-71444E2F8A2F}.Debug|ARM.Build.0 = Debug|Any CPU
		{DF37A34A-FBE7-48C1-A64C-71444E2F8A2F}.Debug|x64.ActiveCfg = Debug|Any CPU
		{DF37A34A-FBE7-48C1-A64C-71444E2F8A2F}.Debug|x64.Build.0 = Debug|Any CPU
		{DF37A34A-FBE7-48C1-A64C-71444E2F8A2F}.Debug|x86.ActiveCfg = Debug|Any CPU
		{DF37A34A-FBE7-48C1-A64C-71444E2F8A2F}.Debug|x86.Build.0 = Debug|Any CPU
		{DF37A34A-FBE7-48C1-A64C-71444E2F8A2F}.Release|Any CPU.ActiveCfg = Release|Any CPU
		{DF37A34A-FBE7-48C1-A64C-71444E2F8A2F}.Release|Any CPU.Build.0 = Release|Any CPU
		{DF37A34A-FBE7-48C1-A64C-71444E2F8A2F}.Release|ARM.ActiveCfg = Release|Any CPU
		{DF37A34A-FBE7-48C1-A64C-71444E2F8A2F}.Release|ARM.Build.0 = Release|Any CPU
		{DF37A34A-FBE7-48C1-A64C-71444E2F8A2F}.Release|x64.ActiveCfg = Release|Any CPU
		{DF37A34A-FBE7-48C1-A64C-71444E2F8A2F}.Release|x64.Build.0 = Release|Any CPU
		{DF37A34A-FBE7-48C1-A64C-71444E2F8A2F}.Release|x86.ActiveCfg = Release|Any CPU
		{DF37A34A-FBE7-48C1-A64C-71444E2F8A2F}.Release|x86.Build.0 = Release|Any CPU
		{6A88F3CC-8EC7-4ED7-A52C-22D17E5884C0}.Debug|Any CPU.ActiveCfg = Debug|Any CPU
		{6A88F3CC-8EC7-4ED7-A52C-22D17E5884C0}.Debug|Any CPU.Build.0 = Debug|Any CPU
		{6A88F3CC-8EC7-4ED7-A52C-22D17E5884C0}.Debug|ARM.ActiveCfg = Debug|Any CPU
		{6A88F3CC-8EC7-4ED7-A52C-22D17E5884C0}.Debug|ARM.Build.0 = Debug|Any CPU
		{6A88F3CC-8EC7-4ED7-A52C-22D17E5884C0}.Debug|x64.ActiveCfg = Debug|Any CPU
		{6A88F3CC-8EC7-4ED7-A52C-22D17E5884C0}.Debug|x64.Build.0 = Debug|Any CPU
		{6A88F3CC-8EC7-4ED7-A52C-22D17E5884C0}.Debug|x86.ActiveCfg = Debug|Any CPU
		{6A88F3CC-8EC7-4ED7-A52C-22D17E5884C0}.Debug|x86.Build.0 = Debug|Any CPU
		{6A88F3CC-8EC7-4ED7-A52C-22D17E5884C0}.Release|Any CPU.ActiveCfg = Release|Any CPU
		{6A88F3CC-8EC7-4ED7-A52C-22D17E5884C0}.Release|Any CPU.Build.0 = Release|Any CPU
		{6A88F3CC-8EC7-4ED7-A52C-22D17E5884C0}.Release|ARM.ActiveCfg = Release|Any CPU
		{6A88F3CC-8EC7-4ED7-A52C-22D17E5884C0}.Release|ARM.Build.0 = Release|Any CPU
		{6A88F3CC-8EC7-4ED7-A52C-22D17E5884C0}.Release|x64.ActiveCfg = Release|Any CPU
		{6A88F3CC-8EC7-4ED7-A52C-22D17E5884C0}.Release|x64.Build.0 = Release|Any CPU
		{6A88F3CC-8EC7-4ED7-A52C-22D17E5884C0}.Release|x86.ActiveCfg = Release|Any CPU
		{6A88F3CC-8EC7-4ED7-A52C-22D17E5884C0}.Release|x86.Build.0 = Release|Any CPU
		{9810855F-F0C6-4ADE-A22B-A89C73E21CF5}.Debug|Any CPU.ActiveCfg = Debug|Any CPU
		{9810855F-F0C6-4ADE-A22B-A89C73E21CF5}.Debug|Any CPU.Build.0 = Debug|Any CPU
		{9810855F-F0C6-4ADE-A22B-A89C73E21CF5}.Debug|ARM.ActiveCfg = Debug|Any CPU
		{9810855F-F0C6-4ADE-A22B-A89C73E21CF5}.Debug|ARM.Build.0 = Debug|Any CPU
		{9810855F-F0C6-4ADE-A22B-A89C73E21CF5}.Debug|x64.ActiveCfg = Debug|Any CPU
		{9810855F-F0C6-4ADE-A22B-A89C73E21CF5}.Debug|x64.Build.0 = Debug|Any CPU
		{9810855F-F0C6-4ADE-A22B-A89C73E21CF5}.Debug|x86.ActiveCfg = Debug|Any CPU
		{9810855F-F0C6-4ADE-A22B-A89C73E21CF5}.Debug|x86.Build.0 = Debug|Any CPU
		{9810855F-F0C6-4ADE-A22B-A89C73E21CF5}.Release|Any CPU.ActiveCfg = Release|Any CPU
		{9810855F-F0C6-4ADE-A22B-A89C73E21CF5}.Release|Any CPU.Build.0 = Release|Any CPU
		{9810855F-F0C6-4ADE-A22B-A89C73E21CF5}.Release|ARM.ActiveCfg = Release|Any CPU
		{9810855F-F0C6-4ADE-A22B-A89C73E21CF5}.Release|ARM.Build.0 = Release|Any CPU
		{9810855F-F0C6-4ADE-A22B-A89C73E21CF5}.Release|x64.ActiveCfg = Release|Any CPU
		{9810855F-F0C6-4ADE-A22B-A89C73E21CF5}.Release|x64.Build.0 = Release|Any CPU
		{9810855F-F0C6-4ADE-A22B-A89C73E21CF5}.Release|x86.ActiveCfg = Release|Any CPU
		{9810855F-F0C6-4ADE-A22B-A89C73E21CF5}.Release|x86.Build.0 = Release|Any CPU
		{1F103F14-9F18-459E-93D8-56D04B57873C}.Debug|Any CPU.ActiveCfg = Debug|Any CPU
		{1F103F14-9F18-459E-93D8-56D04B57873C}.Debug|Any CPU.Build.0 = Debug|Any CPU
		{1F103F14-9F18-459E-93D8-56D04B57873C}.Debug|ARM.ActiveCfg = Debug|Any CPU
		{1F103F14-9F18-459E-93D8-56D04B57873C}.Debug|ARM.Build.0 = Debug|Any CPU
		{1F103F14-9F18-459E-93D8-56D04B57873C}.Debug|x64.ActiveCfg = Debug|Any CPU
		{1F103F14-9F18-459E-93D8-56D04B57873C}.Debug|x64.Build.0 = Debug|Any CPU
		{1F103F14-9F18-459E-93D8-56D04B57873C}.Debug|x86.ActiveCfg = Debug|Any CPU
		{1F103F14-9F18-459E-93D8-56D04B57873C}.Debug|x86.Build.0 = Debug|Any CPU
		{1F103F14-9F18-459E-93D8-56D04B57873C}.Release|Any CPU.ActiveCfg = Release|Any CPU
		{1F103F14-9F18-459E-93D8-56D04B57873C}.Release|Any CPU.Build.0 = Release|Any CPU
		{1F103F14-9F18-459E-93D8-56D04B57873C}.Release|ARM.ActiveCfg = Release|Any CPU
		{1F103F14-9F18-459E-93D8-56D04B57873C}.Release|ARM.Build.0 = Release|Any CPU
		{1F103F14-9F18-459E-93D8-56D04B57873C}.Release|x64.ActiveCfg = Release|Any CPU
		{1F103F14-9F18-459E-93D8-56D04B57873C}.Release|x64.Build.0 = Release|Any CPU
		{1F103F14-9F18-459E-93D8-56D04B57873C}.Release|x86.ActiveCfg = Release|Any CPU
		{1F103F14-9F18-459E-93D8-56D04B57873C}.Release|x86.Build.0 = Release|Any CPU
		{BAF0DC7C-3A9F-4874-8343-848E1549B1B9}.Debug|Any CPU.ActiveCfg = Debug|Any CPU
		{BAF0DC7C-3A9F-4874-8343-848E1549B1B9}.Debug|Any CPU.Build.0 = Debug|Any CPU
		{BAF0DC7C-3A9F-4874-8343-848E1549B1B9}.Debug|ARM.ActiveCfg = Debug|Any CPU
		{BAF0DC7C-3A9F-4874-8343-848E1549B1B9}.Debug|ARM.Build.0 = Debug|Any CPU
		{BAF0DC7C-3A9F-4874-8343-848E1549B1B9}.Debug|x64.ActiveCfg = Debug|Any CPU
		{BAF0DC7C-3A9F-4874-8343-848E1549B1B9}.Debug|x64.Build.0 = Debug|Any CPU
		{BAF0DC7C-3A9F-4874-8343-848E1549B1B9}.Debug|x86.ActiveCfg = Debug|Any CPU
		{BAF0DC7C-3A9F-4874-8343-848E1549B1B9}.Debug|x86.Build.0 = Debug|Any CPU
		{BAF0DC7C-3A9F-4874-8343-848E1549B1B9}.Release|Any CPU.ActiveCfg = Release|Any CPU
		{BAF0DC7C-3A9F-4874-8343-848E1549B1B9}.Release|Any CPU.Build.0 = Release|Any CPU
		{BAF0DC7C-3A9F-4874-8343-848E1549B1B9}.Release|ARM.ActiveCfg = Release|Any CPU
		{BAF0DC7C-3A9F-4874-8343-848E1549B1B9}.Release|ARM.Build.0 = Release|Any CPU
		{BAF0DC7C-3A9F-4874-8343-848E1549B1B9}.Release|x64.ActiveCfg = Release|Any CPU
		{BAF0DC7C-3A9F-4874-8343-848E1549B1B9}.Release|x64.Build.0 = Release|Any CPU
		{BAF0DC7C-3A9F-4874-8343-848E1549B1B9}.Release|x86.ActiveCfg = Release|Any CPU
		{BAF0DC7C-3A9F-4874-8343-848E1549B1B9}.Release|x86.Build.0 = Release|Any CPU
		{47EBAE62-6724-4A96-9B5C-5C85A849B14F}.Debug|Any CPU.ActiveCfg = Debug|Any CPU
		{47EBAE62-6724-4A96-9B5C-5C85A849B14F}.Debug|Any CPU.Build.0 = Debug|Any CPU
		{47EBAE62-6724-4A96-9B5C-5C85A849B14F}.Debug|ARM.ActiveCfg = Debug|Any CPU
		{47EBAE62-6724-4A96-9B5C-5C85A849B14F}.Debug|ARM.Build.0 = Debug|Any CPU
		{47EBAE62-6724-4A96-9B5C-5C85A849B14F}.Debug|x64.ActiveCfg = Debug|Any CPU
		{47EBAE62-6724-4A96-9B5C-5C85A849B14F}.Debug|x64.Build.0 = Debug|Any CPU
		{47EBAE62-6724-4A96-9B5C-5C85A849B14F}.Debug|x86.ActiveCfg = Debug|Any CPU
		{47EBAE62-6724-4A96-9B5C-5C85A849B14F}.Debug|x86.Build.0 = Debug|Any CPU
		{47EBAE62-6724-4A96-9B5C-5C85A849B14F}.Release|Any CPU.ActiveCfg = Release|Any CPU
		{47EBAE62-6724-4A96-9B5C-5C85A849B14F}.Release|Any CPU.Build.0 = Release|Any CPU
		{47EBAE62-6724-4A96-9B5C-5C85A849B14F}.Release|ARM.ActiveCfg = Release|Any CPU
		{47EBAE62-6724-4A96-9B5C-5C85A849B14F}.Release|ARM.Build.0 = Release|Any CPU
		{47EBAE62-6724-4A96-9B5C-5C85A849B14F}.Release|x64.ActiveCfg = Release|Any CPU
		{47EBAE62-6724-4A96-9B5C-5C85A849B14F}.Release|x64.Build.0 = Release|Any CPU
		{47EBAE62-6724-4A96-9B5C-5C85A849B14F}.Release|x86.ActiveCfg = Release|Any CPU
		{47EBAE62-6724-4A96-9B5C-5C85A849B14F}.Release|x86.Build.0 = Release|Any CPU
		{9E57F855-6B32-4C4A-89F4-656E8AFDBF47}.Debug|Any CPU.ActiveCfg = Debug|Any CPU
		{9E57F855-6B32-4C4A-89F4-656E8AFDBF47}.Debug|Any CPU.Build.0 = Debug|Any CPU
		{9E57F855-6B32-4C4A-89F4-656E8AFDBF47}.Debug|ARM.ActiveCfg = Debug|Any CPU
		{9E57F855-6B32-4C4A-89F4-656E8AFDBF47}.Debug|ARM.Build.0 = Debug|Any CPU
		{9E57F855-6B32-4C4A-89F4-656E8AFDBF47}.Debug|x64.ActiveCfg = Debug|Any CPU
		{9E57F855-6B32-4C4A-89F4-656E8AFDBF47}.Debug|x64.Build.0 = Debug|Any CPU
		{9E57F855-6B32-4C4A-89F4-656E8AFDBF47}.Debug|x86.ActiveCfg = Debug|Any CPU
		{9E57F855-6B32-4C4A-89F4-656E8AFDBF47}.Debug|x86.Build.0 = Debug|Any CPU
		{9E57F855-6B32-4C4A-89F4-656E8AFDBF47}.Release|Any CPU.ActiveCfg = Release|Any CPU
		{9E57F855-6B32-4C4A-89F4-656E8AFDBF47}.Release|Any CPU.Build.0 = Release|Any CPU
		{9E57F855-6B32-4C4A-89F4-656E8AFDBF47}.Release|ARM.ActiveCfg = Release|Any CPU
		{9E57F855-6B32-4C4A-89F4-656E8AFDBF47}.Release|ARM.Build.0 = Release|Any CPU
		{9E57F855-6B32-4C4A-89F4-656E8AFDBF47}.Release|x64.ActiveCfg = Release|Any CPU
		{9E57F855-6B32-4C4A-89F4-656E8AFDBF47}.Release|x64.Build.0 = Release|Any CPU
		{9E57F855-6B32-4C4A-89F4-656E8AFDBF47}.Release|x86.ActiveCfg = Release|Any CPU
		{9E57F855-6B32-4C4A-89F4-656E8AFDBF47}.Release|x86.Build.0 = Release|Any CPU
		{B8EE3D3D-B60E-4DFC-80E0-14CFD503A81E}.Debug|Any CPU.ActiveCfg = Debug|Any CPU
		{B8EE3D3D-B60E-4DFC-80E0-14CFD503A81E}.Debug|Any CPU.Build.0 = Debug|Any CPU
		{B8EE3D3D-B60E-4DFC-80E0-14CFD503A81E}.Debug|ARM.ActiveCfg = Debug|Any CPU
		{B8EE3D3D-B60E-4DFC-80E0-14CFD503A81E}.Debug|ARM.Build.0 = Debug|Any CPU
		{B8EE3D3D-B60E-4DFC-80E0-14CFD503A81E}.Debug|x64.ActiveCfg = Debug|Any CPU
		{B8EE3D3D-B60E-4DFC-80E0-14CFD503A81E}.Debug|x64.Build.0 = Debug|Any CPU
		{B8EE3D3D-B60E-4DFC-80E0-14CFD503A81E}.Debug|x86.ActiveCfg = Debug|Any CPU
		{B8EE3D3D-B60E-4DFC-80E0-14CFD503A81E}.Debug|x86.Build.0 = Debug|Any CPU
		{B8EE3D3D-B60E-4DFC-80E0-14CFD503A81E}.Release|Any CPU.ActiveCfg = Release|Any CPU
		{B8EE3D3D-B60E-4DFC-80E0-14CFD503A81E}.Release|Any CPU.Build.0 = Release|Any CPU
		{B8EE3D3D-B60E-4DFC-80E0-14CFD503A81E}.Release|ARM.ActiveCfg = Release|Any CPU
		{B8EE3D3D-B60E-4DFC-80E0-14CFD503A81E}.Release|ARM.Build.0 = Release|Any CPU
		{B8EE3D3D-B60E-4DFC-80E0-14CFD503A81E}.Release|x64.ActiveCfg = Release|Any CPU
		{B8EE3D3D-B60E-4DFC-80E0-14CFD503A81E}.Release|x64.Build.0 = Release|Any CPU
		{B8EE3D3D-B60E-4DFC-80E0-14CFD503A81E}.Release|x86.ActiveCfg = Release|Any CPU
		{B8EE3D3D-B60E-4DFC-80E0-14CFD503A81E}.Release|x86.Build.0 = Release|Any CPU
		{833F017E-E0B9-4B34-BFDF-3F29D54D54D4}.Debug|Any CPU.ActiveCfg = Debug|Any CPU
		{833F017E-E0B9-4B34-BFDF-3F29D54D54D4}.Debug|Any CPU.Build.0 = Debug|Any CPU
		{833F017E-E0B9-4B34-BFDF-3F29D54D54D4}.Debug|ARM.ActiveCfg = Debug|Any CPU
		{833F017E-E0B9-4B34-BFDF-3F29D54D54D4}.Debug|ARM.Build.0 = Debug|Any CPU
		{833F017E-E0B9-4B34-BFDF-3F29D54D54D4}.Debug|x64.ActiveCfg = Debug|Any CPU
		{833F017E-E0B9-4B34-BFDF-3F29D54D54D4}.Debug|x64.Build.0 = Debug|Any CPU
		{833F017E-E0B9-4B34-BFDF-3F29D54D54D4}.Debug|x86.ActiveCfg = Debug|Any CPU
		{833F017E-E0B9-4B34-BFDF-3F29D54D54D4}.Debug|x86.Build.0 = Debug|Any CPU
		{833F017E-E0B9-4B34-BFDF-3F29D54D54D4}.Release|Any CPU.ActiveCfg = Release|Any CPU
		{833F017E-E0B9-4B34-BFDF-3F29D54D54D4}.Release|Any CPU.Build.0 = Release|Any CPU
		{833F017E-E0B9-4B34-BFDF-3F29D54D54D4}.Release|ARM.ActiveCfg = Release|Any CPU
		{833F017E-E0B9-4B34-BFDF-3F29D54D54D4}.Release|ARM.Build.0 = Release|Any CPU
		{833F017E-E0B9-4B34-BFDF-3F29D54D54D4}.Release|x64.ActiveCfg = Release|Any CPU
		{833F017E-E0B9-4B34-BFDF-3F29D54D54D4}.Release|x64.Build.0 = Release|Any CPU
		{833F017E-E0B9-4B34-BFDF-3F29D54D54D4}.Release|x86.ActiveCfg = Release|Any CPU
		{833F017E-E0B9-4B34-BFDF-3F29D54D54D4}.Release|x86.Build.0 = Release|Any CPU
		{F68DB224-7A19-4272-B6C1-144653782DD4}.Debug|Any CPU.ActiveCfg = Debug|Any CPU
		{F68DB224-7A19-4272-B6C1-144653782DD4}.Debug|Any CPU.Build.0 = Debug|Any CPU
		{F68DB224-7A19-4272-B6C1-144653782DD4}.Debug|ARM.ActiveCfg = Debug|Any CPU
		{F68DB224-7A19-4272-B6C1-144653782DD4}.Debug|ARM.Build.0 = Debug|Any CPU
		{F68DB224-7A19-4272-B6C1-144653782DD4}.Debug|x64.ActiveCfg = Debug|Any CPU
		{F68DB224-7A19-4272-B6C1-144653782DD4}.Debug|x64.Build.0 = Debug|Any CPU
		{F68DB224-7A19-4272-B6C1-144653782DD4}.Debug|x86.ActiveCfg = Debug|Any CPU
		{F68DB224-7A19-4272-B6C1-144653782DD4}.Debug|x86.Build.0 = Debug|Any CPU
		{F68DB224-7A19-4272-B6C1-144653782DD4}.Release|Any CPU.ActiveCfg = Release|Any CPU
		{F68DB224-7A19-4272-B6C1-144653782DD4}.Release|Any CPU.Build.0 = Release|Any CPU
		{F68DB224-7A19-4272-B6C1-144653782DD4}.Release|ARM.ActiveCfg = Release|Any CPU
		{F68DB224-7A19-4272-B6C1-144653782DD4}.Release|ARM.Build.0 = Release|Any CPU
		{F68DB224-7A19-4272-B6C1-144653782DD4}.Release|x64.ActiveCfg = Release|Any CPU
		{F68DB224-7A19-4272-B6C1-144653782DD4}.Release|x64.Build.0 = Release|Any CPU
		{F68DB224-7A19-4272-B6C1-144653782DD4}.Release|x86.ActiveCfg = Release|Any CPU
		{F68DB224-7A19-4272-B6C1-144653782DD4}.Release|x86.Build.0 = Release|Any CPU
		{A3056717-5D16-4954-80D6-2C1B07AFD2D1}.Debug|Any CPU.ActiveCfg = Debug|Any CPU
		{A3056717-5D16-4954-80D6-2C1B07AFD2D1}.Debug|Any CPU.Build.0 = Debug|Any CPU
		{A3056717-5D16-4954-80D6-2C1B07AFD2D1}.Debug|ARM.ActiveCfg = Debug|Any CPU
		{A3056717-5D16-4954-80D6-2C1B07AFD2D1}.Debug|ARM.Build.0 = Debug|Any CPU
		{A3056717-5D16-4954-80D6-2C1B07AFD2D1}.Debug|x64.ActiveCfg = Debug|Any CPU
		{A3056717-5D16-4954-80D6-2C1B07AFD2D1}.Debug|x64.Build.0 = Debug|Any CPU
		{A3056717-5D16-4954-80D6-2C1B07AFD2D1}.Debug|x86.ActiveCfg = Debug|Any CPU
		{A3056717-5D16-4954-80D6-2C1B07AFD2D1}.Debug|x86.Build.0 = Debug|Any CPU
		{A3056717-5D16-4954-80D6-2C1B07AFD2D1}.Release|Any CPU.ActiveCfg = Release|Any CPU
		{A3056717-5D16-4954-80D6-2C1B07AFD2D1}.Release|Any CPU.Build.0 = Release|Any CPU
		{A3056717-5D16-4954-80D6-2C1B07AFD2D1}.Release|ARM.ActiveCfg = Release|Any CPU
		{A3056717-5D16-4954-80D6-2C1B07AFD2D1}.Release|ARM.Build.0 = Release|Any CPU
		{A3056717-5D16-4954-80D6-2C1B07AFD2D1}.Release|x64.ActiveCfg = Release|Any CPU
		{A3056717-5D16-4954-80D6-2C1B07AFD2D1}.Release|x64.Build.0 = Release|Any CPU
		{A3056717-5D16-4954-80D6-2C1B07AFD2D1}.Release|x86.ActiveCfg = Release|Any CPU
		{A3056717-5D16-4954-80D6-2C1B07AFD2D1}.Release|x86.Build.0 = Release|Any CPU
		{BC384A81-6EC7-4EDB-8C3D-D4E0616C351E}.Debug|Any CPU.ActiveCfg = Debug|Any CPU
		{BC384A81-6EC7-4EDB-8C3D-D4E0616C351E}.Debug|Any CPU.Build.0 = Debug|Any CPU
		{BC384A81-6EC7-4EDB-8C3D-D4E0616C351E}.Debug|ARM.ActiveCfg = Debug|Any CPU
		{BC384A81-6EC7-4EDB-8C3D-D4E0616C351E}.Debug|ARM.Build.0 = Debug|Any CPU
		{BC384A81-6EC7-4EDB-8C3D-D4E0616C351E}.Debug|x64.ActiveCfg = Debug|Any CPU
		{BC384A81-6EC7-4EDB-8C3D-D4E0616C351E}.Debug|x64.Build.0 = Debug|Any CPU
		{BC384A81-6EC7-4EDB-8C3D-D4E0616C351E}.Debug|x86.ActiveCfg = Debug|Any CPU
		{BC384A81-6EC7-4EDB-8C3D-D4E0616C351E}.Debug|x86.Build.0 = Debug|Any CPU
		{BC384A81-6EC7-4EDB-8C3D-D4E0616C351E}.Release|Any CPU.ActiveCfg = Release|Any CPU
		{BC384A81-6EC7-4EDB-8C3D-D4E0616C351E}.Release|Any CPU.Build.0 = Release|Any CPU
		{BC384A81-6EC7-4EDB-8C3D-D4E0616C351E}.Release|ARM.ActiveCfg = Release|Any CPU
		{BC384A81-6EC7-4EDB-8C3D-D4E0616C351E}.Release|ARM.Build.0 = Release|Any CPU
		{BC384A81-6EC7-4EDB-8C3D-D4E0616C351E}.Release|x64.ActiveCfg = Release|Any CPU
		{BC384A81-6EC7-4EDB-8C3D-D4E0616C351E}.Release|x64.Build.0 = Release|Any CPU
		{BC384A81-6EC7-4EDB-8C3D-D4E0616C351E}.Release|x86.ActiveCfg = Release|Any CPU
		{BC384A81-6EC7-4EDB-8C3D-D4E0616C351E}.Release|x86.Build.0 = Release|Any CPU
		{C4EF060A-4CF2-42C4-A881-6565670D0ADF}.Debug|Any CPU.ActiveCfg = Debug|x86
		{C4EF060A-4CF2-42C4-A881-6565670D0ADF}.Debug|ARM.ActiveCfg = Debug|ARM
		{C4EF060A-4CF2-42C4-A881-6565670D0ADF}.Debug|ARM.Build.0 = Debug|ARM
		{C4EF060A-4CF2-42C4-A881-6565670D0ADF}.Debug|ARM.Deploy.0 = Debug|ARM
		{C4EF060A-4CF2-42C4-A881-6565670D0ADF}.Debug|x64.ActiveCfg = Debug|x64
		{C4EF060A-4CF2-42C4-A881-6565670D0ADF}.Debug|x64.Build.0 = Debug|x64
		{C4EF060A-4CF2-42C4-A881-6565670D0ADF}.Debug|x64.Deploy.0 = Debug|x64
		{C4EF060A-4CF2-42C4-A881-6565670D0ADF}.Debug|x86.ActiveCfg = Debug|x86
		{C4EF060A-4CF2-42C4-A881-6565670D0ADF}.Debug|x86.Build.0 = Debug|x86
		{C4EF060A-4CF2-42C4-A881-6565670D0ADF}.Debug|x86.Deploy.0 = Debug|x86
		{C4EF060A-4CF2-42C4-A881-6565670D0ADF}.Release|Any CPU.ActiveCfg = Release|x86
		{C4EF060A-4CF2-42C4-A881-6565670D0ADF}.Release|ARM.ActiveCfg = Release|ARM
		{C4EF060A-4CF2-42C4-A881-6565670D0ADF}.Release|ARM.Build.0 = Release|ARM
		{C4EF060A-4CF2-42C4-A881-6565670D0ADF}.Release|ARM.Deploy.0 = Release|ARM
		{C4EF060A-4CF2-42C4-A881-6565670D0ADF}.Release|x64.ActiveCfg = Release|x64
		{C4EF060A-4CF2-42C4-A881-6565670D0ADF}.Release|x64.Build.0 = Release|x64
		{C4EF060A-4CF2-42C4-A881-6565670D0ADF}.Release|x64.Deploy.0 = Release|x64
		{C4EF060A-4CF2-42C4-A881-6565670D0ADF}.Release|x86.ActiveCfg = Release|x86
		{C4EF060A-4CF2-42C4-A881-6565670D0ADF}.Release|x86.Build.0 = Release|x86
		{C4EF060A-4CF2-42C4-A881-6565670D0ADF}.Release|x86.Deploy.0 = Release|x86
	EndGlobalSection
	GlobalSection(SolutionProperties) = preSolution
		HideSolutionNode = FALSE
	EndGlobalSection
	GlobalSection(NestedProjects) = preSolution
		{717EAA1A-60A7-49B0-8E9B-7B7A3B5C8F3C} = {E5B460BD-9B22-430F-B64D-1E89F1FD8CBC}
		{EC449DF6-26FE-4073-BF59-1B68E002B497} = {32F5E4C7-3E0B-407D-A954-C3684F59B792}
		{1FF35CA6-D576-47A0-A22D-90E1662D527A} = {32F5E4C7-3E0B-407D-A954-C3684F59B792}
		{04F4B81E-70C4-43DD-82D8-185A885CE625} = {E5B460BD-9B22-430F-B64D-1E89F1FD8CBC}
		{7B914FD1-BBE0-4824-9517-FC64E24E7CED} = {E5B460BD-9B22-430F-B64D-1E89F1FD8CBC}
		{7C62BC2B-CFF9-4869-AE95-6395C138C2D1} = {E5B460BD-9B22-430F-B64D-1E89F1FD8CBC}
		{E581C239-CC2D-40D2-BC4E-AE7E8C96B447} = {E5B460BD-9B22-430F-B64D-1E89F1FD8CBC}
		{DF37A34A-FBE7-48C1-A64C-71444E2F8A2F} = {32F5E4C7-3E0B-407D-A954-C3684F59B792}
		{6A88F3CC-8EC7-4ED7-A52C-22D17E5884C0} = {32F5E4C7-3E0B-407D-A954-C3684F59B792}
		{9810855F-F0C6-4ADE-A22B-A89C73E21CF5} = {32F5E4C7-3E0B-407D-A954-C3684F59B792}
		{1F103F14-9F18-459E-93D8-56D04B57873C} = {32F5E4C7-3E0B-407D-A954-C3684F59B792}
		{BAF0DC7C-3A9F-4874-8343-848E1549B1B9} = {32F5E4C7-3E0B-407D-A954-C3684F59B792}
		{47EBAE62-6724-4A96-9B5C-5C85A849B14F} = {CD4689BE-258F-45C0-8B69-46A1B71E894A}
		{9E57F855-6B32-4C4A-89F4-656E8AFDBF47} = {CD4689BE-258F-45C0-8B69-46A1B71E894A}
		{B8EE3D3D-B60E-4DFC-80E0-14CFD503A81E} = {CD4689BE-258F-45C0-8B69-46A1B71E894A}
		{833F017E-E0B9-4B34-BFDF-3F29D54D54D4} = {CD4689BE-258F-45C0-8B69-46A1B71E894A}
		{F68DB224-7A19-4272-B6C1-144653782DD4} = {CD4689BE-258F-45C0-8B69-46A1B71E894A}
		{A3056717-5D16-4954-80D6-2C1B07AFD2D1} = {CD4689BE-258F-45C0-8B69-46A1B71E894A}
		{BC384A81-6EC7-4EDB-8C3D-D4E0616C351E} = {69187C1C-444C-4D2B-8D55-5973526542A7}
		{C4EF060A-4CF2-42C4-A881-6565670D0ADF} = {69187C1C-444C-4D2B-8D55-5973526542A7}
	EndGlobalSection
EndGlobal
