
Microsoft Visual Studio Solution File, Format Version 12.00
# Visual Studio 14
VisualStudioVersion = 14.0.24720.0
MinimumVisualStudioVersion = 10.0.40219.1
Project("{2150E333-8FDC-42A3-9474-1A3956D46DE8}") = "Solution Items", "Solution Items", "{7E293999-C6BE-43D4-9FFB-29647B2315FA}"
	ProjectSection(SolutionItems) = preProject
		README.md = README.md
	EndProjectSection
EndProject
Project("{FAE04EC0-301F-11D3-BF4B-00C04F79EFBC}") = "Worksheet1", "Worksheet1.1\Worksheet1.csproj", "{717EAA1A-60A7-49B0-8E9B-7B7A3B5C8F3C}"
EndProject
Project("{FAE04EC0-301F-11D3-BF4B-00C04F79EFBC}") = "Worksheet1-Extra1", "Worksheet1-Extra1\Worksheet1-Extra1.csproj", "{EC449DF6-26FE-4073-BF59-1B68E002B497}"
EndProject
Project("{FAE04EC0-301F-11D3-BF4B-00C04F79EFBC}") = "Worksheet1-Extra2", "Worksheet1-Extra2\Worksheet1-Extra2.csproj", "{1FF35CA6-D576-47A0-A22D-90E1662D527A}"
EndProject
Project("{FAE04EC0-301F-11D3-BF4B-00C04F79EFBC}") = "Worksheet1-2-Client", "Worksheet1-2-Client\Worksheet1-2-Client.csproj", "{04F4B81E-70C4-43DD-82D8-185A885CE625}"
EndProject
Project("{FAE04EC0-301F-11D3-BF4B-00C04F79EFBC}") = "Worksheet1-2-Server", "Worksheet1-2-Server\Worksheet1-2-Server.csproj", "{7B914FD1-BBE0-4824-9517-FC64E24E7CED}"
EndProject
Project("{FAE04EC0-301F-11D3-BF4B-00C04F79EFBC}") = "Worksheet1-3-Client", "Worksheet1-3-Client\Worksheet1-3-Client.csproj", "{7C62BC2B-CFF9-4869-AE95-6395C138C2D1}"
EndProject
Project("{FAE04EC0-301F-11D3-BF4B-00C04F79EFBC}") = "Worksheet1-3-Server", "Worksheet1-3-Server\Worksheet1-3-Server.csproj", "{E581C239-CC2D-40D2-BC4E-AE7E8C96B447}"
EndProject
Project("{2150E333-8FDC-42A3-9474-1A3956D46DE8}") = "EI SI Libs", "EI SI Libs", "{85B178AD-5983-4F7F-B5C0-BA5C0B748F3E}"
	ProjectSection(SolutionItems) = preProject
		EI.SI.libs\Help-ProtocolSI.chm = EI.SI.libs\Help-ProtocolSI.chm
		EI.SI.libs\ProtocolSI.dll = EI.SI.libs\ProtocolSI.dll
		EI.SI.libs\SymmetricsSI.dll = EI.SI.libs\SymmetricsSI.dll
	EndProjectSection
EndProject
Project("{2150E333-8FDC-42A3-9474-1A3956D46DE8}") = "Worksheet 1", "Worksheet 1", "{E5B460BD-9B22-430F-B64D-1E89F1FD8CBC}"
EndProject
Project("{2150E333-8FDC-42A3-9474-1A3956D46DE8}") = "Worksheet 1 Extras", "Worksheet 1 Extras", "{32F5E4C7-3E0B-407D-A954-C3684F59B792}"
EndProject
Project("{FAE04EC0-301F-11D3-BF4B-00C04F79EFBC}") = "Worksheet1-3-Extra-Client", "Worksheet1-3-Extra-Client\Worksheet1-3-Extra-Client.csproj", "{DF37A34A-FBE7-48C1-A64C-71444E2F8A2F}"
EndProject
Project("{FAE04EC0-301F-11D3-BF4B-00C04F79EFBC}") = "Worksheet1-3-Extra-Server", "Worksheet1-3-Extra-Server\Worksheet1-3-Extra-Server.csproj", "{6A88F3CC-8EC7-4ED7-A52C-22D17E5884C0}"
EndProject
Project("{FAE04EC0-301F-11D3-BF4B-00C04F79EFBC}") = "Worksheet1-3-Extra-MITM", "Worksheet1-3-Extra-MITM\Worksheet1-3-Extra-MITM.csproj", "{9810855F-F0C6-4ADE-A22B-A89C73E21CF5}"
EndProject
Global
	GlobalSection(SolutionConfigurationPlatforms) = preSolution
		Debug|Any CPU = Debug|Any CPU
		Release|Any CPU = Release|Any CPU
	EndGlobalSection
	GlobalSection(ProjectConfigurationPlatforms) = postSolution
		{717EAA1A-60A7-49B0-8E9B-7B7A3B5C8F3C}.Debug|Any CPU.ActiveCfg = Debug|Any CPU
		{717EAA1A-60A7-49B0-8E9B-7B7A3B5C8F3C}.Debug|Any CPU.Build.0 = Debug|Any CPU
		{717EAA1A-60A7-49B0-8E9B-7B7A3B5C8F3C}.Release|Any CPU.ActiveCfg = Release|Any CPU
		{717EAA1A-60A7-49B0-8E9B-7B7A3B5C8F3C}.Release|Any CPU.Build.0 = Release|Any CPU
		{EC449DF6-26FE-4073-BF59-1B68E002B497}.Debug|Any CPU.ActiveCfg = Debug|Any CPU
		{EC449DF6-26FE-4073-BF59-1B68E002B497}.Debug|Any CPU.Build.0 = Debug|Any CPU
		{EC449DF6-26FE-4073-BF59-1B68E002B497}.Release|Any CPU.ActiveCfg = Release|Any CPU
		{EC449DF6-26FE-4073-BF59-1B68E002B497}.Release|Any CPU.Build.0 = Release|Any CPU
		{1FF35CA6-D576-47A0-A22D-90E1662D527A}.Debug|Any CPU.ActiveCfg = Debug|Any CPU
		{1FF35CA6-D576-47A0-A22D-90E1662D527A}.Debug|Any CPU.Build.0 = Debug|Any CPU
		{1FF35CA6-D576-47A0-A22D-90E1662D527A}.Release|Any CPU.ActiveCfg = Release|Any CPU
		{1FF35CA6-D576-47A0-A22D-90E1662D527A}.Release|Any CPU.Build.0 = Release|Any CPU
		{04F4B81E-70C4-43DD-82D8-185A885CE625}.Debug|Any CPU.ActiveCfg = Debug|Any CPU
		{04F4B81E-70C4-43DD-82D8-185A885CE625}.Debug|Any CPU.Build.0 = Debug|Any CPU
		{04F4B81E-70C4-43DD-82D8-185A885CE625}.Release|Any CPU.ActiveCfg = Release|Any CPU
		{04F4B81E-70C4-43DD-82D8-185A885CE625}.Release|Any CPU.Build.0 = Release|Any CPU
		{7B914FD1-BBE0-4824-9517-FC64E24E7CED}.Debug|Any CPU.ActiveCfg = Debug|Any CPU
		{7B914FD1-BBE0-4824-9517-FC64E24E7CED}.Debug|Any CPU.Build.0 = Debug|Any CPU
		{7B914FD1-BBE0-4824-9517-FC64E24E7CED}.Release|Any CPU.ActiveCfg = Release|Any CPU
		{7B914FD1-BBE0-4824-9517-FC64E24E7CED}.Release|Any CPU.Build.0 = Release|Any CPU
		{7C62BC2B-CFF9-4869-AE95-6395C138C2D1}.Debug|Any CPU.ActiveCfg = Debug|Any CPU
		{7C62BC2B-CFF9-4869-AE95-6395C138C2D1}.Debug|Any CPU.Build.0 = Debug|Any CPU
		{7C62BC2B-CFF9-4869-AE95-6395C138C2D1}.Release|Any CPU.ActiveCfg = Release|Any CPU
		{7C62BC2B-CFF9-4869-AE95-6395C138C2D1}.Release|Any CPU.Build.0 = Release|Any CPU
		{E581C239-CC2D-40D2-BC4E-AE7E8C96B447}.Debug|Any CPU.ActiveCfg = Debug|Any CPU
		{E581C239-CC2D-40D2-BC4E-AE7E8C96B447}.Debug|Any CPU.Build.0 = Debug|Any CPU
		{E581C239-CC2D-40D2-BC4E-AE7E8C96B447}.Release|Any CPU.ActiveCfg = Release|Any CPU
		{E581C239-CC2D-40D2-BC4E-AE7E8C96B447}.Release|Any CPU.Build.0 = Release|Any CPU
		{DF37A34A-FBE7-48C1-A64C-71444E2F8A2F}.Debug|Any CPU.ActiveCfg = Debug|Any CPU
		{DF37A34A-FBE7-48C1-A64C-71444E2F8A2F}.Debug|Any CPU.Build.0 = Debug|Any CPU
		{DF37A34A-FBE7-48C1-A64C-71444E2F8A2F}.Release|Any CPU.ActiveCfg = Release|Any CPU
		{DF37A34A-FBE7-48C1-A64C-71444E2F8A2F}.Release|Any CPU.Build.0 = Release|Any CPU
		{6A88F3CC-8EC7-4ED7-A52C-22D17E5884C0}.Debug|Any CPU.ActiveCfg = Debug|Any CPU
		{6A88F3CC-8EC7-4ED7-A52C-22D17E5884C0}.Debug|Any CPU.Build.0 = Debug|Any CPU
		{6A88F3CC-8EC7-4ED7-A52C-22D17E5884C0}.Release|Any CPU.ActiveCfg = Release|Any CPU
		{6A88F3CC-8EC7-4ED7-A52C-22D17E5884C0}.Release|Any CPU.Build.0 = Release|Any CPU
		{9810855F-F0C6-4ADE-A22B-A89C73E21CF5}.Debug|Any CPU.ActiveCfg = Debug|Any CPU
		{9810855F-F0C6-4ADE-A22B-A89C73E21CF5}.Debug|Any CPU.Build.0 = Debug|Any CPU
		{9810855F-F0C6-4ADE-A22B-A89C73E21CF5}.Release|Any CPU.ActiveCfg = Release|Any CPU
		{9810855F-F0C6-4ADE-A22B-A89C73E21CF5}.Release|Any CPU.Build.0 = Release|Any CPU
	EndGlobalSection
	GlobalSection(SolutionProperties) = preSolution
		HideSolutionNode = FALSE
	EndGlobalSection
	GlobalSection(NestedProjects) = preSolution
		{717EAA1A-60A7-49B0-8E9B-7B7A3B5C8F3C} = {E5B460BD-9B22-430F-B64D-1E89F1FD8CBC}
		{EC449DF6-26FE-4073-BF59-1B68E002B497} = {32F5E4C7-3E0B-407D-A954-C3684F59B792}
		{1FF35CA6-D576-47A0-A22D-90E1662D527A} = {32F5E4C7-3E0B-407D-A954-C3684F59B792}
		{04F4B81E-70C4-43DD-82D8-185A885CE625} = {E5B460BD-9B22-430F-B64D-1E89F1FD8CBC}
		{7B914FD1-BBE0-4824-9517-FC64E24E7CED} = {E5B460BD-9B22-430F-B64D-1E89F1FD8CBC}
		{7C62BC2B-CFF9-4869-AE95-6395C138C2D1} = {E5B460BD-9B22-430F-B64D-1E89F1FD8CBC}
		{E581C239-CC2D-40D2-BC4E-AE7E8C96B447} = {E5B460BD-9B22-430F-B64D-1E89F1FD8CBC}
		{DF37A34A-FBE7-48C1-A64C-71444E2F8A2F} = {32F5E4C7-3E0B-407D-A954-C3684F59B792}
		{6A88F3CC-8EC7-4ED7-A52C-22D17E5884C0} = {32F5E4C7-3E0B-407D-A954-C3684F59B792}
		{9810855F-F0C6-4ADE-A22B-A89C73E21CF5} = {32F5E4C7-3E0B-407D-A954-C3684F59B792}
	EndGlobalSection
EndGlobal
